// !$*UTF8*$!
{
	archiveVersion = 1;
	classes = {
	};
	objectVersion = 51;
	objects = {

/* Begin PBXBuildFile section */
		030EF82300691F684CF9F0FD /* Pods_JKOJSBridge.framework in Frameworks */ = {isa = PBXBuildFile; fileRef = FE2AB437BBA9FA8E647F4888 /* Pods_JKOJSBridge.framework */; };
		04670B8A2593154200C0FB69 /* index3.html in Resources */ = {isa = PBXBuildFile; fileRef = 04670B892593154200C0FB69 /* index3.html */; };
		04670B8F2593156700C0FB69 /* index3.css in Resources */ = {isa = PBXBuildFile; fileRef = 04670B8E2593156700C0FB69 /* index3.css */; };
		04670B942593174800C0FB69 /* index3.js in Resources */ = {isa = PBXBuildFile; fileRef = 04670B932593174800C0FB69 /* index3.js */; };
		04670BA125931CFC00C0FB69 /* icons8-back-24.png in Resources */ = {isa = PBXBuildFile; fileRef = 04670BA025931CFC00C0FB69 /* icons8-back-24.png */; };
		047F853825909653004F5073 /* JKNavigatorProtocol.swift in Sources */ = {isa = PBXBuildFile; fileRef = 047F853725909653004F5073 /* JKNavigatorProtocol.swift */; };
		047F85402590A018004F5073 /* JKNavigatorHandler.swift in Sources */ = {isa = PBXBuildFile; fileRef = 047F853F2590A018004F5073 /* JKNavigatorHandler.swift */; };
		0484EF1D259980E40031286C /* DemoLaunchPage.html in Resources */ = {isa = PBXBuildFile; fileRef = 0484EF1C259980E40031286C /* DemoLaunchPage.html */; };
		0484EF25259982AB0031286C /* DemoLaunchPage.css in Resources */ = {isa = PBXBuildFile; fileRef = 0484EF24259982AB0031286C /* DemoLaunchPage.css */; };
		0484EF2A259983400031286C /* DemoLaunchPage.js in Resources */ = {isa = PBXBuildFile; fileRef = 0484EF29259983400031286C /* DemoLaunchPage.js */; };
		0484EF30259983AE0031286C /* DemoAccountPage.html in Resources */ = {isa = PBXBuildFile; fileRef = 0484EF2F259983AE0031286C /* DemoAccountPage.html */; };
		0484EF35259983B70031286C /* DemoAccountPage.css in Resources */ = {isa = PBXBuildFile; fileRef = 0484EF34259983B70031286C /* DemoAccountPage.css */; };
		0484EF3A259983BC0031286C /* DemoAccountPage.js in Resources */ = {isa = PBXBuildFile; fileRef = 0484EF39259983BC0031286C /* DemoAccountPage.js */; };
		0484EF40259985780031286C /* DemoInterfacePage.html in Resources */ = {isa = PBXBuildFile; fileRef = 0484EF3F259985780031286C /* DemoInterfacePage.html */; };
		0484EF452599857E0031286C /* DemoInterfacePage.css in Resources */ = {isa = PBXBuildFile; fileRef = 0484EF442599857E0031286C /* DemoInterfacePage.css */; };
		0484EF4A259985880031286C /* DemoInterfacePage.js in Resources */ = {isa = PBXBuildFile; fileRef = 0484EF49259985880031286C /* DemoInterfacePage.js */; };
		0484EF50259985F20031286C /* DemoTabBarPage.html in Resources */ = {isa = PBXBuildFile; fileRef = 0484EF4F259985F20031286C /* DemoTabBarPage.html */; };
		0484EF55259985F80031286C /* DemoTabBarPage.css in Resources */ = {isa = PBXBuildFile; fileRef = 0484EF54259985F80031286C /* DemoTabBarPage.css */; };
		0484EF5A259985FE0031286C /* DemoTabBarPage.js in Resources */ = {isa = PBXBuildFile; fileRef = 0484EF59259985FE0031286C /* DemoTabBarPage.js */; };
		0484EF60259988700031286C /* DemoNavigationBarPage.html in Resources */ = {isa = PBXBuildFile; fileRef = 0484EF5F259988700031286C /* DemoNavigationBarPage.html */; };
		0484EF65259988760031286C /* DemoNavigationBarPage.css in Resources */ = {isa = PBXBuildFile; fileRef = 0484EF64259988760031286C /* DemoNavigationBarPage.css */; };
		0484EF6A2599887C0031286C /* DemoNavigationBarPage.js in Resources */ = {isa = PBXBuildFile; fileRef = 0484EF692599887C0031286C /* DemoNavigationBarPage.js */; };
		0484EF70259989BB0031286C /* DemoStoragePage.html in Resources */ = {isa = PBXBuildFile; fileRef = 0484EF6F259989BB0031286C /* DemoStoragePage.html */; };
		0484EF75259989C20031286C /* DemoStoragePage.css in Resources */ = {isa = PBXBuildFile; fileRef = 0484EF74259989C20031286C /* DemoStoragePage.css */; };
		0484EF7A259989C70031286C /* DemoStoragePage.js in Resources */ = {isa = PBXBuildFile; fileRef = 0484EF79259989C70031286C /* DemoStoragePage.js */; };
		0485284325888C6500D54961 /* JKContainer.swift in Sources */ = {isa = PBXBuildFile; fileRef = 0485284225888C6500D54961 /* JKContainer.swift */; };
		0485284925888CAB00D54961 /* JKMiniTabBarHandler.swift in Sources */ = {isa = PBXBuildFile; fileRef = 0485284825888CAB00D54961 /* JKMiniTabBarHandler.swift */; };
		048528522588921300D54961 /* UIColor+Extension.swift in Sources */ = {isa = PBXBuildFile; fileRef = 048528512588921300D54961 /* UIColor+Extension.swift */; };
		04852858258894C100D54961 /* JKTabBarProtocol.swift in Sources */ = {isa = PBXBuildFile; fileRef = 04852857258894C100D54961 /* JKTabBarProtocol.swift */; };
		04EDBE7D2591E67E00055783 /* index2.css in Resources */ = {isa = PBXBuildFile; fileRef = 04EDBE7C2591E67E00055783 /* index2.css */; };
		04EDBE832591EAB300055783 /* JKBInterface.swift in Sources */ = {isa = PBXBuildFile; fileRef = 04EDBE822591EAB300055783 /* JKBInterface.swift */; };
		04EDBE96259208A500055783 /* iconTabbarHome_selected.png in Resources */ = {isa = PBXBuildFile; fileRef = 04EDBE95259208A500055783 /* iconTabbarHome_selected.png */; };
		04EDBE9E2592090A00055783 /* iconTabbarHome_normal.png in Resources */ = {isa = PBXBuildFile; fileRef = 04EDBE9D2592090A00055783 /* iconTabbarHome_normal.png */; };
		04EDBEA42592095A00055783 /* iconTabbarMe_normal.png in Resources */ = {isa = PBXBuildFile; fileRef = 04EDBEA22592095900055783 /* iconTabbarMe_normal.png */; };
		04EDBEA52592095A00055783 /* iconTabbarMe_selected.png in Resources */ = {isa = PBXBuildFile; fileRef = 04EDBEA32592095A00055783 /* iconTabbarMe_selected.png */; };
		04EDBEAB25920B5B00055783 /* iconTabbarFriend_normal.png in Resources */ = {isa = PBXBuildFile; fileRef = 04EDBEA925920B5B00055783 /* iconTabbarFriend_normal.png */; };
		04EDBEAC25920B5B00055783 /* iconTabbarFriend_selected.png in Resources */ = {isa = PBXBuildFile; fileRef = 04EDBEAA25920B5B00055783 /* iconTabbarFriend_selected.png */; };
		550710E8259B482200300A45 /* fakeHome.png in Resources */ = {isa = PBXBuildFile; fileRef = 550710E7259B482200300A45 /* fakeHome.png */; };
		550710F1259B509900300A45 /* index21.html in Resources */ = {isa = PBXBuildFile; fileRef = 550710F0259B509900300A45 /* index21.html */; };
		550710F6259B50EE00300A45 /* index21.css in Resources */ = {isa = PBXBuildFile; fileRef = 550710F5259B50EE00300A45 /* index21.css */; };
		550710FB259B510F00300A45 /* index21.js in Resources */ = {isa = PBXBuildFile; fileRef = 550710FA259B510F00300A45 /* index21.js */; };
		5519D1E625934AEF0034443A /* JKBStorage.swift in Sources */ = {isa = PBXBuildFile; fileRef = 5519D1E525934AEF0034443A /* JKBStorage.swift */; };
		5519D1EB259371A50034443A /* PageSimpleDataBinder.swift in Sources */ = {isa = PBXBuildFile; fileRef = 5519D1EA259371A50034443A /* PageSimpleDataBinder.swift */; };
		55289D2B2579EE7C00E094E8 /* README.md in Resources */ = {isa = PBXBuildFile; fileRef = 55289D2A2579EE7C00E094E8 /* README.md */; };
		552DE97B2584FEA300F66F9C /* JKOMiniAppRenderer+CallFunction.swift in Sources */ = {isa = PBXBuildFile; fileRef = 552DE97A2584FEA300F66F9C /* JKOMiniAppRenderer+CallFunction.swift */; };
		552DE9802584FF0000F66F9C /* JKOMiniAppRenderer+UpdateDoms.swift in Sources */ = {isa = PBXBuildFile; fileRef = 552DE97F2584FF0000F66F9C /* JKOMiniAppRenderer+UpdateDoms.swift */; };
		552DE98825850CBB00F66F9C /* JKOMiniAppPageRouter.swift in Sources */ = {isa = PBXBuildFile; fileRef = 552DE98725850CBB00F66F9C /* JKOMiniAppPageRouter.swift */; };
		552DE98E2585137500F66F9C /* index2.html in Resources */ = {isa = PBXBuildFile; fileRef = 552DE98D2585137500F66F9C /* index2.html */; };
		552DE993258513B000F66F9C /* index2.js in Resources */ = {isa = PBXBuildFile; fileRef = 552DE992258513B000F66F9C /* index2.js */; };
		552DE9982585182300F66F9C /* JKOMiniAppRenderer+UserSourceLoader.swift in Sources */ = {isa = PBXBuildFile; fileRef = 552DE9972585182300F66F9C /* JKOMiniAppRenderer+UserSourceLoader.swift */; };
		552DE99E258518ED00F66F9C /* JKOMiniAppLogicHandler+UserSourceLoader.swift in Sources */ = {isa = PBXBuildFile; fileRef = 552DE99D258518ED00F66F9C /* JKOMiniAppLogicHandler+UserSourceLoader.swift */; };
		552DE9A62585194900F66F9C /* JKOMiniAppLogicHandler+CallFunctionHandler.swift in Sources */ = {isa = PBXBuildFile; fileRef = 552DE9A52585194900F66F9C /* JKOMiniAppLogicHandler+CallFunctionHandler.swift */; };
		5531DD04248D767B333DAE2D /* Pods_JKOJSBridgeTests.framework in Frameworks */ = {isa = PBXBuildFile; fileRef = 7DD2D7DE93AC7E1AC4C599FC /* Pods_JKOJSBridgeTests.framework */; };
		55479199256DFA3D00A293DC /* JKOJSBridge.swift in Sources */ = {isa = PBXBuildFile; fileRef = 55479198256DFA3D00A293DC /* JKOJSBridge.swift */; };
		554791A5256E070E00A293DC /* miniAppLauncher.swift in Sources */ = {isa = PBXBuildFile; fileRef = 554791A4256E070E00A293DC /* miniAppLauncher.swift */; };
		554791B0256E58FB00A293DC /* JKOMiniAppContainerViewController.swift in Sources */ = {isa = PBXBuildFile; fileRef = 554791AF256E58FB00A293DC /* JKOMiniAppContainerViewController.swift */; };
		554791B5256F8D2000A293DC /* PackagingTestViewController.swift in Sources */ = {isa = PBXBuildFile; fileRef = 554791B4256F8D2000A293DC /* PackagingTestViewController.swift */; };
		5568B52F2580BC0B002A941C /* AppLifeCycle.js in Resources */ = {isa = PBXBuildFile; fileRef = 5568B52E2580BC0B002A941C /* AppLifeCycle.js */; };
		5568B5342580BC57002A941C /* FileFetcher.swift in Sources */ = {isa = PBXBuildFile; fileRef = 5568B5332580BC57002A941C /* FileFetcher.swift */; };
		5568B5392580C846002A941C /* PageLifeCycle.js in Resources */ = {isa = PBXBuildFile; fileRef = 5568B5382580C846002A941C /* PageLifeCycle.js */; };
		5568B53E25821270002A941C /* JKMAPageWorker.swift in Sources */ = {isa = PBXBuildFile; fileRef = 5568B53D25821270002A941C /* JKMAPageWorker.swift */; };
		5568B54625835CCE002A941C /* JKOMiniAppRenderer.swift in Sources */ = {isa = PBXBuildFile; fileRef = 5568B54525835CCE002A941C /* JKOMiniAppRenderer.swift */; };
		5568B5532583878B002A941C /* JKOMiniAppContainerManager.swift in Sources */ = {isa = PBXBuildFile; fileRef = 5568B5522583878B002A941C /* JKOMiniAppContainerManager.swift */; };
		5568B55825838B14002A941C /* JKOUserSourceLoader.swift in Sources */ = {isa = PBXBuildFile; fileRef = 5568B55725838B14002A941C /* JKOUserSourceLoader.swift */; };
		5568B55E2584FD83002A941C /* callFunctionEventPoster.js in Resources */ = {isa = PBXBuildFile; fileRef = 5568B55D2584FD83002A941C /* callFunctionEventPoster.js */; };
		55736E4C25664EDF00F8FBE5 /* index.html in Resources */ = {isa = PBXBuildFile; fileRef = 55736E4B25664EDF00F8FBE5 /* index.html */; };
		55736E62256B6EE300F8FBE5 /* JKOJSFunctionObserver.swift in Sources */ = {isa = PBXBuildFile; fileRef = 55736E61256B6EE200F8FBE5 /* JKOJSFunctionObserver.swift */; };
		55736E77256B708800F8FBE5 /* JKOJSBridgeWebViewDSL.swift in Sources */ = {isa = PBXBuildFile; fileRef = 55736E76256B708800F8FBE5 /* JKOJSBridgeWebViewDSL.swift */; };
		55736E80256B70E100F8FBE5 /* JKOJSBridgeWebExtensions.swift in Sources */ = {isa = PBXBuildFile; fileRef = 55736E7F256B70E100F8FBE5 /* JKOJSBridgeWebExtensions.swift */; };
		55736E87256BA42000F8FBE5 /* JKOJSWorker.swift in Sources */ = {isa = PBXBuildFile; fileRef = 55736E86256BA41F00F8FBE5 /* JKOJSWorker.swift */; };
		55736E8F256BC19D00F8FBE5 /* AnyExport.swift in Sources */ = {isa = PBXBuildFile; fileRef = 55736E8E256BC19C00F8FBE5 /* AnyExport.swift */; };
		55736E94256CB2F100F8FBE5 /* JKOBridgeConsoler.swift in Sources */ = {isa = PBXBuildFile; fileRef = 55736E93256CB2F100F8FBE5 /* JKOBridgeConsoler.swift */; };
		55736E9C256CDACC00F8FBE5 /* JKOMiniAppLogicHandler.swift in Sources */ = {isa = PBXBuildFile; fileRef = 55736E9B256CDACC00F8FBE5 /* JKOMiniAppLogicHandler.swift */; };
		55736EAA256CF50500F8FBE5 /* JKOJSWorker+NativeFrameworks.swift in Sources */ = {isa = PBXBuildFile; fileRef = 55736EA9256CF50500F8FBE5 /* JKOJSWorker+NativeFrameworks.swift */; };
		55736EB6256D021E00F8FBE5 /* JKBAccount.swift in Sources */ = {isa = PBXBuildFile; fileRef = 55736EB5256D021E00F8FBE5 /* JKBAccount.swift */; };
		55736EBC256D023C00F8FBE5 /* JSB_JKOAccount.swift in Sources */ = {isa = PBXBuildFile; fileRef = 55736EBB256D023C00F8FBE5 /* JSB_JKOAccount.swift */; };
		55736EC4256D026700F8FBE5 /* JKBNativeFrameworkProtocol.swift in Sources */ = {isa = PBXBuildFile; fileRef = 55736EC3256D026700F8FBE5 /* JKBNativeFrameworkProtocol.swift */; };
		55736ECC256D100900F8FBE5 /* JKBDispatcher.swift in Sources */ = {isa = PBXBuildFile; fileRef = 55736ECB256D100900F8FBE5 /* JKBDispatcher.swift */; };
		55CCE3C9258618EC00E2F565 /* JKOMiniAppLogicHandler+LifeCycle.swift in Sources */ = {isa = PBXBuildFile; fileRef = 55CCE3C8258618EC00E2F565 /* JKOMiniAppLogicHandler+LifeCycle.swift */; };
		55CCE3CF25864D5700E2F565 /* JKBRouter.swift in Sources */ = {isa = PBXBuildFile; fileRef = 55CCE3CE25864D5700E2F565 /* JKBRouter.swift */; };
		55CCE3D82588A16000E2F565 /* Private_JKBStorage.swift in Sources */ = {isa = PBXBuildFile; fileRef = 55CCE3D72588A16000E2F565 /* Private_JKBStorage.swift */; };
		55CCE3E0258AEEF400E2F565 /* constants.swift in Sources */ = {isa = PBXBuildFile; fileRef = 55CCE3DF258AEEF300E2F565 /* constants.swift */; };
		55CCE3E6258B04E000E2F565 /* DataProxy.js in Resources */ = {isa = PBXBuildFile; fileRef = 55CCE3E5258B04E000E2F565 /* DataProxy.js */; };
		55CCE3EB258B04F700E2F565 /* DataBindingHandler.swift in Sources */ = {isa = PBXBuildFile; fileRef = 55CCE3EA258B04F700E2F565 /* DataBindingHandler.swift */; };
		55CF3894258DED4400B18DC6 /* DataBinderHandlerManager.swift in Sources */ = {isa = PBXBuildFile; fileRef = 55CF3893258DED4400B18DC6 /* DataBinderHandlerManager.swift */; };
		55CF389F258E4E6D00B18DC6 /* JKOMiniApp.swift in Sources */ = {isa = PBXBuildFile; fileRef = 55CF389E258E4E6D00B18DC6 /* JKOMiniApp.swift */; };
		55CF38A7258E5E3D00B18DC6 /* JKOJSWorker+GlobalData.swift in Sources */ = {isa = PBXBuildFile; fileRef = 55CF38A6258E5E3D00B18DC6 /* JKOJSWorker+GlobalData.swift */; };
		55E572D2257665C4002B13BA /* JKBMonitor.swift in Sources */ = {isa = PBXBuildFile; fileRef = 55E572D1257665C4002B13BA /* JKBMonitor.swift */; };
		55E572DC2576805B002B13BA /* JKOMAAppWorker.swift in Sources */ = {isa = PBXBuildFile; fileRef = 55E572DB2576805B002B13BA /* JKOMAAppWorker.swift */; };
		55E572E12578B918002B13BA /* app.js in Resources */ = {isa = PBXBuildFile; fileRef = 55E572E02578B918002B13BA /* app.js */; };
		55E572EF2578CF59002B13BA /* index.js in Resources */ = {isa = PBXBuildFile; fileRef = 55E572EE2578CF59002B13BA /* index.js */; };
		55E572F72578E65F002B13BA /* app.json in Resources */ = {isa = PBXBuildFile; fileRef = 55E572F62578E65F002B13BA /* app.json */; };
		55E572FF2578E6B3002B13BA /* app.css in Resources */ = {isa = PBXBuildFile; fileRef = 55E572FE2578E6B3002B13BA /* app.css */; };
		55E573042578EC58002B13BA /* index.css in Resources */ = {isa = PBXBuildFile; fileRef = 55E573032578EC58002B13BA /* index.css */; };
		55E573092578ECCB002B13BA /* index.json in Resources */ = {isa = PBXBuildFile; fileRef = 55E573082578ECCB002B13BA /* index.json */; };
		55EA06BA258C453300260607 /* JKBCodeModuleHandler.swift in Sources */ = {isa = PBXBuildFile; fileRef = 55EA06B9258C453300260607 /* JKBCodeModuleHandler.swift */; };
		55FBB05C2564F29B00A9F12E /* AppDelegate.swift in Sources */ = {isa = PBXBuildFile; fileRef = 55FBB05B2564F29B00A9F12E /* AppDelegate.swift */; };
		55FBB05E2564F29B00A9F12E /* SceneDelegate.swift in Sources */ = {isa = PBXBuildFile; fileRef = 55FBB05D2564F29B00A9F12E /* SceneDelegate.swift */; };
		55FBB0602564F29B00A9F12E /* ViewController.swift in Sources */ = {isa = PBXBuildFile; fileRef = 55FBB05F2564F29B00A9F12E /* ViewController.swift */; };
		55FBB0632564F29B00A9F12E /* Main.storyboard in Resources */ = {isa = PBXBuildFile; fileRef = 55FBB0612564F29B00A9F12E /* Main.storyboard */; };
		55FBB0652564F29F00A9F12E /* Assets.xcassets in Resources */ = {isa = PBXBuildFile; fileRef = 55FBB0642564F29F00A9F12E /* Assets.xcassets */; };
		55FBB0682564F29F00A9F12E /* LaunchScreen.storyboard in Resources */ = {isa = PBXBuildFile; fileRef = 55FBB0662564F29F00A9F12E /* LaunchScreen.storyboard */; };
		55FBB0732564F29F00A9F12E /* JKOJSBridgeTests.swift in Sources */ = {isa = PBXBuildFile; fileRef = 55FBB0722564F29F00A9F12E /* JKOJSBridgeTests.swift */; };
		55FBB07E2564F29F00A9F12E /* JKOJSBridgeUITests.swift in Sources */ = {isa = PBXBuildFile; fileRef = 55FBB07D2564F29F00A9F12E /* JKOJSBridgeUITests.swift */; };
		F1947913D9AEA81F7BC41917 /* Pods_JKOJSBridge_JKOJSBridgeUITests.framework in Frameworks */ = {isa = PBXBuildFile; fileRef = 2768615D5BBE3ADE89D892BB /* Pods_JKOJSBridge_JKOJSBridgeUITests.framework */; };
/* End PBXBuildFile section */

/* Begin PBXContainerItemProxy section */
		55FBB06F2564F29F00A9F12E /* PBXContainerItemProxy */ = {
			isa = PBXContainerItemProxy;
			containerPortal = 55FBB0502564F29B00A9F12E /* Project object */;
			proxyType = 1;
			remoteGlobalIDString = 55FBB0572564F29B00A9F12E;
			remoteInfo = JKOJSBridge;
		};
		55FBB07A2564F29F00A9F12E /* PBXContainerItemProxy */ = {
			isa = PBXContainerItemProxy;
			containerPortal = 55FBB0502564F29B00A9F12E /* Project object */;
			proxyType = 1;
			remoteGlobalIDString = 55FBB0572564F29B00A9F12E;
			remoteInfo = JKOJSBridge;
		};
/* End PBXContainerItemProxy section */

/* Begin PBXFileReference section */
		04670B892593154200C0FB69 /* index3.html */ = {isa = PBXFileReference; lastKnownFileType = text.html; path = index3.html; sourceTree = "<group>"; };
		04670B8E2593156700C0FB69 /* index3.css */ = {isa = PBXFileReference; lastKnownFileType = text.css; path = index3.css; sourceTree = "<group>"; };
		04670B932593174800C0FB69 /* index3.js */ = {isa = PBXFileReference; lastKnownFileType = sourcecode.javascript; path = index3.js; sourceTree = "<group>"; };
		04670BA025931CFC00C0FB69 /* icons8-back-24.png */ = {isa = PBXFileReference; lastKnownFileType = image.png; path = "icons8-back-24.png"; sourceTree = "<group>"; };
		047F853725909653004F5073 /* JKNavigatorProtocol.swift */ = {isa = PBXFileReference; lastKnownFileType = sourcecode.swift; path = JKNavigatorProtocol.swift; sourceTree = "<group>"; };
		047F853F2590A018004F5073 /* JKNavigatorHandler.swift */ = {isa = PBXFileReference; lastKnownFileType = sourcecode.swift; path = JKNavigatorHandler.swift; sourceTree = "<group>"; };
		0484EF1C259980E40031286C /* DemoLaunchPage.html */ = {isa = PBXFileReference; lastKnownFileType = text.html; path = DemoLaunchPage.html; sourceTree = "<group>"; };
		0484EF24259982AB0031286C /* DemoLaunchPage.css */ = {isa = PBXFileReference; lastKnownFileType = text.css; path = DemoLaunchPage.css; sourceTree = "<group>"; };
		0484EF29259983400031286C /* DemoLaunchPage.js */ = {isa = PBXFileReference; lastKnownFileType = sourcecode.javascript; path = DemoLaunchPage.js; sourceTree = "<group>"; };
		0484EF2F259983AE0031286C /* DemoAccountPage.html */ = {isa = PBXFileReference; lastKnownFileType = text.html; path = DemoAccountPage.html; sourceTree = "<group>"; };
		0484EF34259983B70031286C /* DemoAccountPage.css */ = {isa = PBXFileReference; lastKnownFileType = text.css; path = DemoAccountPage.css; sourceTree = "<group>"; };
		0484EF39259983BC0031286C /* DemoAccountPage.js */ = {isa = PBXFileReference; lastKnownFileType = sourcecode.javascript; path = DemoAccountPage.js; sourceTree = "<group>"; };
		0484EF3F259985780031286C /* DemoInterfacePage.html */ = {isa = PBXFileReference; lastKnownFileType = text.html; path = DemoInterfacePage.html; sourceTree = "<group>"; };
		0484EF442599857E0031286C /* DemoInterfacePage.css */ = {isa = PBXFileReference; lastKnownFileType = text.css; path = DemoInterfacePage.css; sourceTree = "<group>"; };
		0484EF49259985880031286C /* DemoInterfacePage.js */ = {isa = PBXFileReference; lastKnownFileType = sourcecode.javascript; path = DemoInterfacePage.js; sourceTree = "<group>"; };
		0484EF4F259985F20031286C /* DemoTabBarPage.html */ = {isa = PBXFileReference; lastKnownFileType = text.html; path = DemoTabBarPage.html; sourceTree = "<group>"; };
		0484EF54259985F80031286C /* DemoTabBarPage.css */ = {isa = PBXFileReference; lastKnownFileType = text.css; path = DemoTabBarPage.css; sourceTree = "<group>"; };
		0484EF59259985FE0031286C /* DemoTabBarPage.js */ = {isa = PBXFileReference; lastKnownFileType = sourcecode.javascript; path = DemoTabBarPage.js; sourceTree = "<group>"; };
		0484EF5F259988700031286C /* DemoNavigationBarPage.html */ = {isa = PBXFileReference; lastKnownFileType = text.html; path = DemoNavigationBarPage.html; sourceTree = "<group>"; };
		0484EF64259988760031286C /* DemoNavigationBarPage.css */ = {isa = PBXFileReference; lastKnownFileType = text.css; path = DemoNavigationBarPage.css; sourceTree = "<group>"; };
		0484EF692599887C0031286C /* DemoNavigationBarPage.js */ = {isa = PBXFileReference; lastKnownFileType = sourcecode.javascript; path = DemoNavigationBarPage.js; sourceTree = "<group>"; };
		0484EF6F259989BB0031286C /* DemoStoragePage.html */ = {isa = PBXFileReference; lastKnownFileType = text.html; path = DemoStoragePage.html; sourceTree = "<group>"; };
		0484EF74259989C20031286C /* DemoStoragePage.css */ = {isa = PBXFileReference; lastKnownFileType = text.css; path = DemoStoragePage.css; sourceTree = "<group>"; };
		0484EF79259989C70031286C /* DemoStoragePage.js */ = {isa = PBXFileReference; lastKnownFileType = sourcecode.javascript; path = DemoStoragePage.js; sourceTree = "<group>"; };
		0485284225888C6500D54961 /* JKContainer.swift */ = {isa = PBXFileReference; lastKnownFileType = sourcecode.swift; path = JKContainer.swift; sourceTree = "<group>"; };
		0485284825888CAB00D54961 /* JKMiniTabBarHandler.swift */ = {isa = PBXFileReference; lastKnownFileType = sourcecode.swift; path = JKMiniTabBarHandler.swift; sourceTree = "<group>"; };
		048528512588921300D54961 /* UIColor+Extension.swift */ = {isa = PBXFileReference; lastKnownFileType = sourcecode.swift; path = "UIColor+Extension.swift"; sourceTree = "<group>"; };
		04852857258894C100D54961 /* JKTabBarProtocol.swift */ = {isa = PBXFileReference; lastKnownFileType = sourcecode.swift; path = JKTabBarProtocol.swift; sourceTree = "<group>"; };
		04EDBE7C2591E67E00055783 /* index2.css */ = {isa = PBXFileReference; lastKnownFileType = text.css; path = index2.css; sourceTree = "<group>"; };
		04EDBE822591EAB300055783 /* JKBInterface.swift */ = {isa = PBXFileReference; lastKnownFileType = sourcecode.swift; path = JKBInterface.swift; sourceTree = "<group>"; };
		04EDBE95259208A500055783 /* iconTabbarHome_selected.png */ = {isa = PBXFileReference; lastKnownFileType = image.png; path = iconTabbarHome_selected.png; sourceTree = "<group>"; };
		04EDBE9D2592090A00055783 /* iconTabbarHome_normal.png */ = {isa = PBXFileReference; lastKnownFileType = image.png; path = iconTabbarHome_normal.png; sourceTree = "<group>"; };
		04EDBEA22592095900055783 /* iconTabbarMe_normal.png */ = {isa = PBXFileReference; lastKnownFileType = image.png; path = iconTabbarMe_normal.png; sourceTree = "<group>"; };
		04EDBEA32592095A00055783 /* iconTabbarMe_selected.png */ = {isa = PBXFileReference; lastKnownFileType = image.png; path = iconTabbarMe_selected.png; sourceTree = "<group>"; };
		04EDBEA925920B5B00055783 /* iconTabbarFriend_normal.png */ = {isa = PBXFileReference; lastKnownFileType = image.png; path = iconTabbarFriend_normal.png; sourceTree = "<group>"; };
		04EDBEAA25920B5B00055783 /* iconTabbarFriend_selected.png */ = {isa = PBXFileReference; lastKnownFileType = image.png; path = iconTabbarFriend_selected.png; sourceTree = "<group>"; };
		0D9A180444DEA41B84369879 /* Pods-JKOJSBridge.debug.xcconfig */ = {isa = PBXFileReference; includeInIndex = 1; lastKnownFileType = text.xcconfig; name = "Pods-JKOJSBridge.debug.xcconfig"; path = "Target Support Files/Pods-JKOJSBridge/Pods-JKOJSBridge.debug.xcconfig"; sourceTree = "<group>"; };
		2768615D5BBE3ADE89D892BB /* Pods_JKOJSBridge_JKOJSBridgeUITests.framework */ = {isa = PBXFileReference; explicitFileType = wrapper.framework; includeInIndex = 0; path = Pods_JKOJSBridge_JKOJSBridgeUITests.framework; sourceTree = BUILT_PRODUCTS_DIR; };
		35FC3A292B69B6AEB0060692 /* Pods-JKOJSBridge.release.xcconfig */ = {isa = PBXFileReference; includeInIndex = 1; lastKnownFileType = text.xcconfig; name = "Pods-JKOJSBridge.release.xcconfig"; path = "Target Support Files/Pods-JKOJSBridge/Pods-JKOJSBridge.release.xcconfig"; sourceTree = "<group>"; };
		4119B9BBD569D09801D5A8AE /* Pods-JKOJSBridge-JKOJSBridgeUITests.debug.xcconfig */ = {isa = PBXFileReference; includeInIndex = 1; lastKnownFileType = text.xcconfig; name = "Pods-JKOJSBridge-JKOJSBridgeUITests.debug.xcconfig"; path = "Target Support Files/Pods-JKOJSBridge-JKOJSBridgeUITests/Pods-JKOJSBridge-JKOJSBridgeUITests.debug.xcconfig"; sourceTree = "<group>"; };
		550710E7259B482200300A45 /* fakeHome.png */ = {isa = PBXFileReference; lastKnownFileType = image.png; path = fakeHome.png; sourceTree = "<group>"; };
		550710F0259B509900300A45 /* index21.html */ = {isa = PBXFileReference; lastKnownFileType = text.html; path = index21.html; sourceTree = "<group>"; };
		550710F5259B50EE00300A45 /* index21.css */ = {isa = PBXFileReference; lastKnownFileType = text.css; path = index21.css; sourceTree = "<group>"; };
		550710FA259B510F00300A45 /* index21.js */ = {isa = PBXFileReference; lastKnownFileType = sourcecode.javascript; path = index21.js; sourceTree = "<group>"; };
		5519D1E525934AEF0034443A /* JKBStorage.swift */ = {isa = PBXFileReference; lastKnownFileType = sourcecode.swift; path = JKBStorage.swift; sourceTree = "<group>"; };
		5519D1EA259371A50034443A /* PageSimpleDataBinder.swift */ = {isa = PBXFileReference; lastKnownFileType = sourcecode.swift; path = PageSimpleDataBinder.swift; sourceTree = "<group>"; };
		55289D2A2579EE7C00E094E8 /* README.md */ = {isa = PBXFileReference; lastKnownFileType = net.daringfireball.markdown; path = README.md; sourceTree = "<group>"; };
		55289D362579EF0900E094E8 /* README.md */ = {isa = PBXFileReference; lastKnownFileType = net.daringfireball.markdown; path = README.md; sourceTree = "<group>"; };
		55289D422579F46000E094E8 /* README.md */ = {isa = PBXFileReference; lastKnownFileType = net.daringfireball.markdown; path = README.md; sourceTree = "<group>"; };
		55289D432579F4D000E094E8 /* README.md */ = {isa = PBXFileReference; lastKnownFileType = net.daringfireball.markdown; path = README.md; sourceTree = "<group>"; };
		55289D442579F4F500E094E8 /* README.md */ = {isa = PBXFileReference; lastKnownFileType = net.daringfireball.markdown; path = README.md; sourceTree = "<group>"; };
		55289D452579F51A00E094E8 /* README.md */ = {isa = PBXFileReference; lastKnownFileType = net.daringfireball.markdown; path = README.md; sourceTree = "<group>"; };
		55289D462579F53B00E094E8 /* README.md */ = {isa = PBXFileReference; lastKnownFileType = net.daringfireball.markdown; path = README.md; sourceTree = "<group>"; };
		55289D472579F55200E094E8 /* README.md */ = {isa = PBXFileReference; lastKnownFileType = net.daringfireball.markdown; path = README.md; sourceTree = "<group>"; };
		55289D482579F56F00E094E8 /* README.md */ = {isa = PBXFileReference; lastKnownFileType = net.daringfireball.markdown; path = README.md; sourceTree = "<group>"; };
		55289D492579F5DD00E094E8 /* README.md */ = {isa = PBXFileReference; lastKnownFileType = net.daringfireball.markdown; path = README.md; sourceTree = "<group>"; };
		55289D4A2579F68500E094E8 /* README.md */ = {isa = PBXFileReference; lastKnownFileType = net.daringfireball.markdown; path = README.md; sourceTree = "<group>"; };
		55289D4B2579F69500E094E8 /* README.md */ = {isa = PBXFileReference; lastKnownFileType = net.daringfireball.markdown; path = README.md; sourceTree = "<group>"; };
		55289D4C2579F6A400E094E8 /* README.md */ = {isa = PBXFileReference; lastKnownFileType = net.daringfireball.markdown; path = README.md; sourceTree = "<group>"; };
		55289D4E2579F6BE00E094E8 /* README.md */ = {isa = PBXFileReference; lastKnownFileType = net.daringfireball.markdown; path = README.md; sourceTree = "<group>"; };
		55289D4F2579F6D500E094E8 /* README.md */ = {isa = PBXFileReference; lastKnownFileType = net.daringfireball.markdown; path = README.md; sourceTree = "<group>"; };
		55289D502579F6ED00E094E8 /* README.md */ = {isa = PBXFileReference; lastKnownFileType = net.daringfireball.markdown; path = README.md; sourceTree = "<group>"; };
		55289D512579F6FC00E094E8 /* README.md */ = {isa = PBXFileReference; lastKnownFileType = net.daringfireball.markdown; path = README.md; sourceTree = "<group>"; };
		55289D522579F71100E094E8 /* README.md */ = {isa = PBXFileReference; lastKnownFileType = net.daringfireball.markdown; path = README.md; sourceTree = "<group>"; };
		552DE97A2584FEA300F66F9C /* JKOMiniAppRenderer+CallFunction.swift */ = {isa = PBXFileReference; lastKnownFileType = sourcecode.swift; path = "JKOMiniAppRenderer+CallFunction.swift"; sourceTree = "<group>"; };
		552DE97F2584FF0000F66F9C /* JKOMiniAppRenderer+UpdateDoms.swift */ = {isa = PBXFileReference; lastKnownFileType = sourcecode.swift; path = "JKOMiniAppRenderer+UpdateDoms.swift"; sourceTree = "<group>"; };
		552DE98725850CBB00F66F9C /* JKOMiniAppPageRouter.swift */ = {isa = PBXFileReference; lastKnownFileType = sourcecode.swift; path = JKOMiniAppPageRouter.swift; sourceTree = "<group>"; };
		552DE98D2585137500F66F9C /* index2.html */ = {isa = PBXFileReference; lastKnownFileType = text.html; path = index2.html; sourceTree = "<group>"; };
		552DE992258513B000F66F9C /* index2.js */ = {isa = PBXFileReference; lastKnownFileType = sourcecode.javascript; path = index2.js; sourceTree = "<group>"; };
		552DE9972585182300F66F9C /* JKOMiniAppRenderer+UserSourceLoader.swift */ = {isa = PBXFileReference; lastKnownFileType = sourcecode.swift; path = "JKOMiniAppRenderer+UserSourceLoader.swift"; sourceTree = "<group>"; };
		552DE99D258518ED00F66F9C /* JKOMiniAppLogicHandler+UserSourceLoader.swift */ = {isa = PBXFileReference; lastKnownFileType = sourcecode.swift; path = "JKOMiniAppLogicHandler+UserSourceLoader.swift"; sourceTree = "<group>"; };
		552DE9A52585194900F66F9C /* JKOMiniAppLogicHandler+CallFunctionHandler.swift */ = {isa = PBXFileReference; lastKnownFileType = sourcecode.swift; path = "JKOMiniAppLogicHandler+CallFunctionHandler.swift"; sourceTree = "<group>"; };
		55479198256DFA3D00A293DC /* JKOJSBridge.swift */ = {isa = PBXFileReference; lastKnownFileType = sourcecode.swift; path = JKOJSBridge.swift; sourceTree = "<group>"; };
		554791A4256E070E00A293DC /* miniAppLauncher.swift */ = {isa = PBXFileReference; lastKnownFileType = sourcecode.swift; path = miniAppLauncher.swift; sourceTree = "<group>"; };
		554791AF256E58FB00A293DC /* JKOMiniAppContainerViewController.swift */ = {isa = PBXFileReference; lastKnownFileType = sourcecode.swift; path = JKOMiniAppContainerViewController.swift; sourceTree = "<group>"; };
		554791B4256F8D2000A293DC /* PackagingTestViewController.swift */ = {isa = PBXFileReference; lastKnownFileType = sourcecode.swift; path = PackagingTestViewController.swift; sourceTree = "<group>"; };
		5568B52E2580BC0B002A941C /* AppLifeCycle.js */ = {isa = PBXFileReference; lastKnownFileType = sourcecode.javascript; path = AppLifeCycle.js; sourceTree = "<group>"; };
		5568B5332580BC57002A941C /* FileFetcher.swift */ = {isa = PBXFileReference; lastKnownFileType = sourcecode.swift; path = FileFetcher.swift; sourceTree = "<group>"; };
		5568B5382580C846002A941C /* PageLifeCycle.js */ = {isa = PBXFileReference; lastKnownFileType = sourcecode.javascript; path = PageLifeCycle.js; sourceTree = "<group>"; };
		5568B53D25821270002A941C /* JKMAPageWorker.swift */ = {isa = PBXFileReference; lastKnownFileType = sourcecode.swift; path = JKMAPageWorker.swift; sourceTree = "<group>"; };
		5568B54525835CCE002A941C /* JKOMiniAppRenderer.swift */ = {isa = PBXFileReference; lastKnownFileType = sourcecode.swift; path = JKOMiniAppRenderer.swift; sourceTree = "<group>"; };
		5568B5522583878B002A941C /* JKOMiniAppContainerManager.swift */ = {isa = PBXFileReference; lastKnownFileType = sourcecode.swift; path = JKOMiniAppContainerManager.swift; sourceTree = "<group>"; };
		5568B55725838B14002A941C /* JKOUserSourceLoader.swift */ = {isa = PBXFileReference; lastKnownFileType = sourcecode.swift; path = JKOUserSourceLoader.swift; sourceTree = "<group>"; };
		5568B55D2584FD83002A941C /* callFunctionEventPoster.js */ = {isa = PBXFileReference; lastKnownFileType = sourcecode.javascript; path = callFunctionEventPoster.js; sourceTree = "<group>"; };
		55736E4B25664EDF00F8FBE5 /* index.html */ = {isa = PBXFileReference; fileEncoding = 4; lastKnownFileType = text.html; path = index.html; sourceTree = "<group>"; };
		55736E5A256B650800F8FBE5 /* README.md */ = {isa = PBXFileReference; lastKnownFileType = net.daringfireball.markdown; path = README.md; sourceTree = "<group>"; };
		55736E5B256B674300F8FBE5 /* README.md */ = {isa = PBXFileReference; lastKnownFileType = net.daringfireball.markdown; path = README.md; sourceTree = "<group>"; };
		55736E5D256B6AF700F8FBE5 /* README.md */ = {isa = PBXFileReference; lastKnownFileType = net.daringfireball.markdown; path = README.md; sourceTree = "<group>"; };
		55736E61256B6EE200F8FBE5 /* JKOJSFunctionObserver.swift */ = {isa = PBXFileReference; lastKnownFileType = sourcecode.swift; path = JKOJSFunctionObserver.swift; sourceTree = "<group>"; };
		55736E76256B708800F8FBE5 /* JKOJSBridgeWebViewDSL.swift */ = {isa = PBXFileReference; lastKnownFileType = sourcecode.swift; path = JKOJSBridgeWebViewDSL.swift; sourceTree = "<group>"; };
		55736E7F256B70E100F8FBE5 /* JKOJSBridgeWebExtensions.swift */ = {isa = PBXFileReference; lastKnownFileType = sourcecode.swift; path = JKOJSBridgeWebExtensions.swift; sourceTree = "<group>"; };
		55736E86256BA41F00F8FBE5 /* JKOJSWorker.swift */ = {isa = PBXFileReference; lastKnownFileType = sourcecode.swift; path = JKOJSWorker.swift; sourceTree = "<group>"; };
		55736E8E256BC19C00F8FBE5 /* AnyExport.swift */ = {isa = PBXFileReference; lastKnownFileType = sourcecode.swift; path = AnyExport.swift; sourceTree = "<group>"; };
		55736E93256CB2F100F8FBE5 /* JKOBridgeConsoler.swift */ = {isa = PBXFileReference; lastKnownFileType = sourcecode.swift; path = JKOBridgeConsoler.swift; sourceTree = "<group>"; };
		55736E9B256CDACC00F8FBE5 /* JKOMiniAppLogicHandler.swift */ = {isa = PBXFileReference; lastKnownFileType = sourcecode.swift; path = JKOMiniAppLogicHandler.swift; sourceTree = "<group>"; };
		55736EA9256CF50500F8FBE5 /* JKOJSWorker+NativeFrameworks.swift */ = {isa = PBXFileReference; lastKnownFileType = sourcecode.swift; path = "JKOJSWorker+NativeFrameworks.swift"; sourceTree = "<group>"; };
		55736EB5256D021E00F8FBE5 /* JKBAccount.swift */ = {isa = PBXFileReference; lastKnownFileType = sourcecode.swift; path = JKBAccount.swift; sourceTree = "<group>"; };
		55736EBB256D023C00F8FBE5 /* JSB_JKOAccount.swift */ = {isa = PBXFileReference; lastKnownFileType = sourcecode.swift; path = JSB_JKOAccount.swift; sourceTree = "<group>"; };
		55736EC3256D026700F8FBE5 /* JKBNativeFrameworkProtocol.swift */ = {isa = PBXFileReference; lastKnownFileType = sourcecode.swift; path = JKBNativeFrameworkProtocol.swift; sourceTree = "<group>"; };
		55736ECB256D100900F8FBE5 /* JKBDispatcher.swift */ = {isa = PBXFileReference; lastKnownFileType = sourcecode.swift; path = JKBDispatcher.swift; sourceTree = "<group>"; };
		55CCE3C8258618EC00E2F565 /* JKOMiniAppLogicHandler+LifeCycle.swift */ = {isa = PBXFileReference; lastKnownFileType = sourcecode.swift; path = "JKOMiniAppLogicHandler+LifeCycle.swift"; sourceTree = "<group>"; };
		55CCE3CE25864D5700E2F565 /* JKBRouter.swift */ = {isa = PBXFileReference; lastKnownFileType = sourcecode.swift; path = JKBRouter.swift; sourceTree = "<group>"; };
		55CCE3D72588A16000E2F565 /* Private_JKBStorage.swift */ = {isa = PBXFileReference; lastKnownFileType = sourcecode.swift; path = Private_JKBStorage.swift; sourceTree = "<group>"; };
		55CCE3DF258AEEF300E2F565 /* constants.swift */ = {isa = PBXFileReference; lastKnownFileType = sourcecode.swift; path = constants.swift; sourceTree = "<group>"; };
		55CCE3E5258B04E000E2F565 /* DataProxy.js */ = {isa = PBXFileReference; lastKnownFileType = sourcecode.javascript; path = DataProxy.js; sourceTree = "<group>"; };
		55CCE3EA258B04F700E2F565 /* DataBindingHandler.swift */ = {isa = PBXFileReference; lastKnownFileType = sourcecode.swift; path = DataBindingHandler.swift; sourceTree = "<group>"; };
		55CF3893258DED4400B18DC6 /* DataBinderHandlerManager.swift */ = {isa = PBXFileReference; lastKnownFileType = sourcecode.swift; path = DataBinderHandlerManager.swift; sourceTree = "<group>"; };
		55CF389E258E4E6D00B18DC6 /* JKOMiniApp.swift */ = {isa = PBXFileReference; lastKnownFileType = sourcecode.swift; path = JKOMiniApp.swift; sourceTree = "<group>"; };
		55CF38A6258E5E3D00B18DC6 /* JKOJSWorker+GlobalData.swift */ = {isa = PBXFileReference; lastKnownFileType = sourcecode.swift; path = "JKOJSWorker+GlobalData.swift"; sourceTree = "<group>"; };
		55E572D1257665C4002B13BA /* JKBMonitor.swift */ = {isa = PBXFileReference; lastKnownFileType = sourcecode.swift; path = JKBMonitor.swift; sourceTree = "<group>"; };
		55E572DB2576805B002B13BA /* JKOMAAppWorker.swift */ = {isa = PBXFileReference; lastKnownFileType = sourcecode.swift; path = JKOMAAppWorker.swift; sourceTree = "<group>"; };
		55E572E02578B918002B13BA /* app.js */ = {isa = PBXFileReference; lastKnownFileType = sourcecode.javascript; path = app.js; sourceTree = "<group>"; };
		55E572EE2578CF59002B13BA /* index.js */ = {isa = PBXFileReference; lastKnownFileType = sourcecode.javascript; path = index.js; sourceTree = "<group>"; };
		55E572F62578E65F002B13BA /* app.json */ = {isa = PBXFileReference; lastKnownFileType = text.json; path = app.json; sourceTree = "<group>"; };
		55E572FE2578E6B3002B13BA /* app.css */ = {isa = PBXFileReference; lastKnownFileType = text.css; path = app.css; sourceTree = "<group>"; };
		55E573032578EC58002B13BA /* index.css */ = {isa = PBXFileReference; lastKnownFileType = text.css; path = index.css; sourceTree = "<group>"; };
		55E573082578ECCB002B13BA /* index.json */ = {isa = PBXFileReference; lastKnownFileType = text.json; path = index.json; sourceTree = "<group>"; };
		55EA06B9258C453300260607 /* JKBCodeModuleHandler.swift */ = {isa = PBXFileReference; lastKnownFileType = sourcecode.swift; path = JKBCodeModuleHandler.swift; sourceTree = "<group>"; };
		55FBB0582564F29B00A9F12E /* JKOJSBridge.app */ = {isa = PBXFileReference; explicitFileType = wrapper.application; includeInIndex = 0; path = JKOJSBridge.app; sourceTree = BUILT_PRODUCTS_DIR; };
		55FBB05B2564F29B00A9F12E /* AppDelegate.swift */ = {isa = PBXFileReference; lastKnownFileType = sourcecode.swift; path = AppDelegate.swift; sourceTree = "<group>"; };
		55FBB05D2564F29B00A9F12E /* SceneDelegate.swift */ = {isa = PBXFileReference; lastKnownFileType = sourcecode.swift; path = SceneDelegate.swift; sourceTree = "<group>"; };
		55FBB05F2564F29B00A9F12E /* ViewController.swift */ = {isa = PBXFileReference; lastKnownFileType = sourcecode.swift; path = ViewController.swift; sourceTree = "<group>"; };
		55FBB0622564F29B00A9F12E /* Base */ = {isa = PBXFileReference; lastKnownFileType = file.storyboard; name = Base; path = Base.lproj/Main.storyboard; sourceTree = "<group>"; };
		55FBB0642564F29F00A9F12E /* Assets.xcassets */ = {isa = PBXFileReference; lastKnownFileType = folder.assetcatalog; path = Assets.xcassets; sourceTree = "<group>"; };
		55FBB0672564F29F00A9F12E /* Base */ = {isa = PBXFileReference; lastKnownFileType = file.storyboard; name = Base; path = Base.lproj/LaunchScreen.storyboard; sourceTree = "<group>"; };
		55FBB0692564F29F00A9F12E /* Info.plist */ = {isa = PBXFileReference; lastKnownFileType = text.plist.xml; path = Info.plist; sourceTree = "<group>"; };
		55FBB06E2564F29F00A9F12E /* JKOJSBridgeTests.xctest */ = {isa = PBXFileReference; explicitFileType = wrapper.cfbundle; includeInIndex = 0; path = JKOJSBridgeTests.xctest; sourceTree = BUILT_PRODUCTS_DIR; };
		55FBB0722564F29F00A9F12E /* JKOJSBridgeTests.swift */ = {isa = PBXFileReference; lastKnownFileType = sourcecode.swift; path = JKOJSBridgeTests.swift; sourceTree = "<group>"; };
		55FBB0742564F29F00A9F12E /* Info.plist */ = {isa = PBXFileReference; lastKnownFileType = text.plist.xml; path = Info.plist; sourceTree = "<group>"; };
		55FBB0792564F29F00A9F12E /* JKOJSBridgeUITests.xctest */ = {isa = PBXFileReference; explicitFileType = wrapper.cfbundle; includeInIndex = 0; path = JKOJSBridgeUITests.xctest; sourceTree = BUILT_PRODUCTS_DIR; };
		55FBB07D2564F29F00A9F12E /* JKOJSBridgeUITests.swift */ = {isa = PBXFileReference; lastKnownFileType = sourcecode.swift; path = JKOJSBridgeUITests.swift; sourceTree = "<group>"; };
		55FBB07F2564F29F00A9F12E /* Info.plist */ = {isa = PBXFileReference; lastKnownFileType = text.plist.xml; path = Info.plist; sourceTree = "<group>"; };
		5B727447FAC66FE6E938EF59 /* Pods-JKOJSBridgeTests.release.xcconfig */ = {isa = PBXFileReference; includeInIndex = 1; lastKnownFileType = text.xcconfig; name = "Pods-JKOJSBridgeTests.release.xcconfig"; path = "Target Support Files/Pods-JKOJSBridgeTests/Pods-JKOJSBridgeTests.release.xcconfig"; sourceTree = "<group>"; };
		7B4C0B54470F3F834B5CE19A /* Pods-JKOJSBridge-JKOJSBridgeUITests.release.xcconfig */ = {isa = PBXFileReference; includeInIndex = 1; lastKnownFileType = text.xcconfig; name = "Pods-JKOJSBridge-JKOJSBridgeUITests.release.xcconfig"; path = "Target Support Files/Pods-JKOJSBridge-JKOJSBridgeUITests/Pods-JKOJSBridge-JKOJSBridgeUITests.release.xcconfig"; sourceTree = "<group>"; };
		7DD2D7DE93AC7E1AC4C599FC /* Pods_JKOJSBridgeTests.framework */ = {isa = PBXFileReference; explicitFileType = wrapper.framework; includeInIndex = 0; path = Pods_JKOJSBridgeTests.framework; sourceTree = BUILT_PRODUCTS_DIR; };
		811DDD25BC3C4BF3DD0A1F22 /* Pods-JKOJSBridgeTests.debug.xcconfig */ = {isa = PBXFileReference; includeInIndex = 1; lastKnownFileType = text.xcconfig; name = "Pods-JKOJSBridgeTests.debug.xcconfig"; path = "Target Support Files/Pods-JKOJSBridgeTests/Pods-JKOJSBridgeTests.debug.xcconfig"; sourceTree = "<group>"; };
		FE2AB437BBA9FA8E647F4888 /* Pods_JKOJSBridge.framework */ = {isa = PBXFileReference; explicitFileType = wrapper.framework; includeInIndex = 0; path = Pods_JKOJSBridge.framework; sourceTree = BUILT_PRODUCTS_DIR; };
/* End PBXFileReference section */

/* Begin PBXFrameworksBuildPhase section */
		55FBB0552564F29B00A9F12E /* Frameworks */ = {
			isa = PBXFrameworksBuildPhase;
			buildActionMask = 2147483647;
			files = (
				030EF82300691F684CF9F0FD /* Pods_JKOJSBridge.framework in Frameworks */,
			);
			runOnlyForDeploymentPostprocessing = 0;
		};
		55FBB06B2564F29F00A9F12E /* Frameworks */ = {
			isa = PBXFrameworksBuildPhase;
			buildActionMask = 2147483647;
			files = (
				5531DD04248D767B333DAE2D /* Pods_JKOJSBridgeTests.framework in Frameworks */,
			);
			runOnlyForDeploymentPostprocessing = 0;
		};
		55FBB0762564F29F00A9F12E /* Frameworks */ = {
			isa = PBXFrameworksBuildPhase;
			buildActionMask = 2147483647;
			files = (
				F1947913D9AEA81F7BC41917 /* Pods_JKOJSBridge_JKOJSBridgeUITests.framework in Frameworks */,
			);
			runOnlyForDeploymentPostprocessing = 0;
		};
/* End PBXFrameworksBuildPhase section */

/* Begin PBXGroup section */
		04670B882593151A00C0FB69 /* iconPage2 */ = {
			isa = PBXGroup;
			children = (
				04670B892593154200C0FB69 /* index3.html */,
				04670B8E2593156700C0FB69 /* index3.css */,
				04670B932593174800C0FB69 /* index3.js */,
			);
			path = iconPage2;
			sourceTree = "<group>";
		};
		047F853525909621004F5073 /* Navigator */ = {
			isa = PBXGroup;
			children = (
				047F853625909638004F5073 /* Protocol */,
				047F853F2590A018004F5073 /* JKNavigatorHandler.swift */,
			);
			path = Navigator;
			sourceTree = "<group>";
		};
		047F853625909638004F5073 /* Protocol */ = {
			isa = PBXGroup;
			children = (
				047F853725909653004F5073 /* JKNavigatorProtocol.swift */,
			);
			path = Protocol;
			sourceTree = "<group>";
		};
		0484EF1B259980A80031286C /* DemoLaunchPage */ = {
			isa = PBXGroup;
			children = (
				0484EF1C259980E40031286C /* DemoLaunchPage.html */,
				0484EF24259982AB0031286C /* DemoLaunchPage.css */,
				0484EF29259983400031286C /* DemoLaunchPage.js */,
			);
			path = DemoLaunchPage;
			sourceTree = "<group>";
		};
		0484EF2E259983930031286C /* DemoAccountPage */ = {
			isa = PBXGroup;
			children = (
				0484EF2F259983AE0031286C /* DemoAccountPage.html */,
				0484EF34259983B70031286C /* DemoAccountPage.css */,
				0484EF39259983BC0031286C /* DemoAccountPage.js */,
			);
			path = DemoAccountPage;
			sourceTree = "<group>";
		};
		0484EF3E259985650031286C /* DemoInterfacePage */ = {
			isa = PBXGroup;
			children = (
				0484EF3F259985780031286C /* DemoInterfacePage.html */,
				0484EF442599857E0031286C /* DemoInterfacePage.css */,
				0484EF49259985880031286C /* DemoInterfacePage.js */,
			);
			path = DemoInterfacePage;
			sourceTree = "<group>";
		};
		0484EF4E259985E40031286C /* DemoTabBarPage */ = {
			isa = PBXGroup;
			children = (
				0484EF4F259985F20031286C /* DemoTabBarPage.html */,
				0484EF54259985F80031286C /* DemoTabBarPage.css */,
				0484EF59259985FE0031286C /* DemoTabBarPage.js */,
			);
			path = DemoTabBarPage;
			sourceTree = "<group>";
		};
		0484EF5E259988530031286C /* DemoNavigationBarPage */ = {
			isa = PBXGroup;
			children = (
				0484EF5F259988700031286C /* DemoNavigationBarPage.html */,
				0484EF64259988760031286C /* DemoNavigationBarPage.css */,
				0484EF692599887C0031286C /* DemoNavigationBarPage.js */,
			);
			path = DemoNavigationBarPage;
			sourceTree = "<group>";
		};
		0484EF6E259989A50031286C /* DemoStoragePage */ = {
			isa = PBXGroup;
			children = (
				0484EF6F259989BB0031286C /* DemoStoragePage.html */,
				0484EF74259989C20031286C /* DemoStoragePage.css */,
				0484EF79259989C70031286C /* DemoStoragePage.js */,
			);
			path = DemoStoragePage;
			sourceTree = "<group>";
		};
		0485284125888C4500D54961 /* JKContainer */ = {
			isa = PBXGroup;
			children = (
				0485284225888C6500D54961 /* JKContainer.swift */,
				0485284725888C8000D54961 /* TabBar */,
				047F853525909621004F5073 /* Navigator */,
			);
			path = JKContainer;
			sourceTree = "<group>";
		};
		0485284725888C8000D54961 /* TabBar */ = {
			isa = PBXGroup;
			children = (
				04852856258894B000D54961 /* Protocol */,
				0485284825888CAB00D54961 /* JKMiniTabBarHandler.swift */,
			);
			path = TabBar;
			sourceTree = "<group>";
		};
		048528502588920700D54961 /* Extension */ = {
			isa = PBXGroup;
			children = (
				048528512588921300D54961 /* UIColor+Extension.swift */,
			);
			path = Extension;
			sourceTree = "<group>";
		};
		04852856258894B000D54961 /* Protocol */ = {
			isa = PBXGroup;
			children = (
				04852857258894C100D54961 /* JKTabBarProtocol.swift */,
			);
			path = Protocol;
			sourceTree = "<group>";
		};
		04EDBE812591E9D000055783 /* JKBInterface */ = {
			isa = PBXGroup;
			children = (
				04EDBE822591EAB300055783 /* JKBInterface.swift */,
			);
			path = JKBInterface;
			sourceTree = "<group>";
		};
		04EDBE8A259204C100055783 /* images */ = {
			isa = PBXGroup;
			children = (
				04670BA025931CFC00C0FB69 /* icons8-back-24.png */,
				04EDBEA22592095900055783 /* iconTabbarMe_normal.png */,
				04EDBEA32592095A00055783 /* iconTabbarMe_selected.png */,
				04EDBE9D2592090A00055783 /* iconTabbarHome_normal.png */,
				04EDBE95259208A500055783 /* iconTabbarHome_selected.png */,
				04EDBEA925920B5B00055783 /* iconTabbarFriend_normal.png */,
				04EDBEAA25920B5B00055783 /* iconTabbarFriend_selected.png */,
			);
			path = images;
			sourceTree = "<group>";
		};
		550710E2259B470400300A45 /* 1stTab(TODO_JJ) */ = {
			isa = PBXGroup;
			children = (
				550710EF259B506D00300A45 /* thirdPage */,
				552DE98C2585134B00F66F9C /* iconPage */,
				55E572EA2578CDE3002B13BA /* MainPage */,
			);
			path = "1stTab(TODO_JJ)";
			sourceTree = "<group>";
		};
		550710E3259B470D00300A45 /* 2ndTab */ = {
			isa = PBXGroup;
			children = (
				0484EF6E259989A50031286C /* DemoStoragePage */,
				0484EF5E259988530031286C /* DemoNavigationBarPage */,
				0484EF4E259985E40031286C /* DemoTabBarPage */,
				0484EF3E259985650031286C /* DemoInterfacePage */,
				0484EF2E259983930031286C /* DemoAccountPage */,
				0484EF1B259980A80031286C /* DemoLaunchPage */,
				04670B882593151A00C0FB69 /* iconPage2 */,
			);
			path = 2ndTab;
			sourceTree = "<group>";
		};
		550710EF259B506D00300A45 /* thirdPage */ = {
			isa = PBXGroup;
			children = (
				550710F0259B509900300A45 /* index21.html */,
				550710F5259B50EE00300A45 /* index21.css */,
				550710FA259B510F00300A45 /* index21.js */,
			);
			path = thirdPage;
			sourceTree = "<group>";
		};
		55289D082578FF9800E094E8 /* JKOMiniApp */ = {
			isa = PBXGroup;
			children = (
				554791AF256E58FB00A293DC /* JKOMiniAppContainerViewController.swift */,
				55E573142578F48F002B13BA /* Utils */,
				55E573112578F1F3002B13BA /* miniAppApplication */,
				55E573102578F1E2002B13BA /* miniAppRuntime */,
				55FBB08E2564F2BF00A9F12E /* miniAppCore */,
				5568B5522583878B002A941C /* JKOMiniAppContainerManager.swift */,
				55CCE3DF258AEEF300E2F565 /* constants.swift */,
				55CF389E258E4E6D00B18DC6 /* JKOMiniApp.swift */,
			);
			path = JKOMiniApp;
			sourceTree = "<group>";
		};
		55289D222579EC9200E094E8 /* GlobalLayer */ = {
			isa = PBXGroup;
			children = (
				55E572D92576803B002B13BA /* LifeCycles */,
				55289D252579ED1400E094E8 /* Config */,
				55289D262579ED1D00E094E8 /* Apearance */,
				55289D4A2579F68500E094E8 /* README.md */,
			);
			path = GlobalLayer;
			sourceTree = "<group>";
		};
		55289D232579ECAF00E094E8 /* CrossPageLayer */ = {
			isa = PBXGroup;
			children = (
				55289D322579EEDC00E094E8 /* Mixin */,
				55289D272579EDBE00E094E8 /* Router */,
				55289D4B2579F69500E094E8 /* README.md */,
			);
			path = CrossPageLayer;
			sourceTree = "<group>";
		};
		55289D242579ECB600E094E8 /* PageLayer */ = {
			isa = PBXGroup;
			children = (
				55289D4C2579F6A400E094E8 /* README.md */,
				55289D3C2579EF9A00E094E8 /* Apearance */,
				55289D3B2579EF9300E094E8 /* Config */,
				55289D3A2579EF8900E094E8 /* LIfeCycle */,
				55289D392579EF7900E094E8 /* Packaging */,
			);
			path = PageLayer;
			sourceTree = "<group>";
		};
		55289D252579ED1400E094E8 /* Config */ = {
			isa = PBXGroup;
			children = (
				55289D432579F4D000E094E8 /* README.md */,
			);
			path = Config;
			sourceTree = "<group>";
		};
		55289D262579ED1D00E094E8 /* Apearance */ = {
			isa = PBXGroup;
			children = (
				55289D442579F4F500E094E8 /* README.md */,
			);
			path = Apearance;
			sourceTree = "<group>";
		};
		55289D272579EDBE00E094E8 /* Router */ = {
			isa = PBXGroup;
			children = (
				55289D382579EF4200E094E8 /* ActionHandler */,
				55289D372579EF2F00E094E8 /* StackManager */,
			);
			path = Router;
			sourceTree = "<group>";
		};
		55289D282579EE2C00E094E8 /* GlobalData */ = {
			isa = PBXGroup;
			children = (
				55289D422579F46000E094E8 /* README.md */,
			);
			path = GlobalData;
			sourceTree = "<group>";
		};
		55289D322579EEDC00E094E8 /* Mixin */ = {
			isa = PBXGroup;
			children = (
				55289D362579EF0900E094E8 /* README.md */,
				55289D352579EEF800E094E8 /* Data */,
				55289D342579EEF200E094E8 /* Component */,
				55289D332579EEEC00E094E8 /* Function */,
			);
			path = Mixin;
			sourceTree = "<group>";
		};
		55289D332579EEEC00E094E8 /* Function */ = {
			isa = PBXGroup;
			children = (
				55289D472579F55200E094E8 /* README.md */,
			);
			path = Function;
			sourceTree = "<group>";
		};
		55289D342579EEF200E094E8 /* Component */ = {
			isa = PBXGroup;
			children = (
				55289D462579F53B00E094E8 /* README.md */,
			);
			path = Component;
			sourceTree = "<group>";
		};
		55289D352579EEF800E094E8 /* Data */ = {
			isa = PBXGroup;
			children = (
				55289D452579F51A00E094E8 /* README.md */,
			);
			path = Data;
			sourceTree = "<group>";
		};
		55289D372579EF2F00E094E8 /* StackManager */ = {
			isa = PBXGroup;
			children = (
				55289D482579F56F00E094E8 /* README.md */,
			);
			path = StackManager;
			sourceTree = "<group>";
		};
		55289D382579EF4200E094E8 /* ActionHandler */ = {
			isa = PBXGroup;
			children = (
				55289D492579F5DD00E094E8 /* README.md */,
				552DE98725850CBB00F66F9C /* JKOMiniAppPageRouter.swift */,
			);
			path = ActionHandler;
			sourceTree = "<group>";
		};
		55289D392579EF7900E094E8 /* Packaging */ = {
			isa = PBXGroup;
			children = (
				55289D522579F71100E094E8 /* README.md */,
			);
			path = Packaging;
			sourceTree = "<group>";
		};
		55289D3A2579EF8900E094E8 /* LIfeCycle */ = {
			isa = PBXGroup;
			children = (
				5568B53D25821270002A941C /* JKMAPageWorker.swift */,
				55289D3E2579EFC000E094E8 /* EventLifeCycle */,
				55289D3D2579EFB300E094E8 /* PagingLifeCycle */,
			);
			path = LIfeCycle;
			sourceTree = "<group>";
		};
		55289D3B2579EF9300E094E8 /* Config */ = {
			isa = PBXGroup;
			children = (
				55289D4F2579F6D500E094E8 /* README.md */,
			);
			path = Config;
			sourceTree = "<group>";
		};
		55289D3C2579EF9A00E094E8 /* Apearance */ = {
			isa = PBXGroup;
			children = (
				55289D4E2579F6BE00E094E8 /* README.md */,
			);
			path = Apearance;
			sourceTree = "<group>";
		};
		55289D3D2579EFB300E094E8 /* PagingLifeCycle */ = {
			isa = PBXGroup;
			children = (
				55289D512579F6FC00E094E8 /* README.md */,
				5568B5382580C846002A941C /* PageLifeCycle.js */,
			);
			path = PagingLifeCycle;
			sourceTree = "<group>";
		};
		55289D3E2579EFC000E094E8 /* EventLifeCycle */ = {
			isa = PBXGroup;
			children = (
				55289D502579F6ED00E094E8 /* README.md */,
			);
			path = EventLifeCycle;
			sourceTree = "<group>";
		};
		552DE98C2585134B00F66F9C /* iconPage */ = {
			isa = PBXGroup;
			children = (
				552DE98D2585137500F66F9C /* index2.html */,
				04EDBE7C2591E67E00055783 /* index2.css */,
				552DE992258513B000F66F9C /* index2.js */,
			);
			path = iconPage;
			sourceTree = "<group>";
		};
		552DE99C258518BB00F66F9C /* logicHandler */ = {
			isa = PBXGroup;
			children = (
				55736E9B256CDACC00F8FBE5 /* JKOMiniAppLogicHandler.swift */,
				55CCE3C8258618EC00E2F565 /* JKOMiniAppLogicHandler+LifeCycle.swift */,
				552DE99D258518ED00F66F9C /* JKOMiniAppLogicHandler+UserSourceLoader.swift */,
				552DE9A52585194900F66F9C /* JKOMiniAppLogicHandler+CallFunctionHandler.swift */,
			);
			path = logicHandler;
			sourceTree = "<group>";
		};
		55479197256DF93900A293DC /* JKBDom */ = {
			isa = PBXGroup;
			children = (
				55479198256DFA3D00A293DC /* JKOJSBridge.swift */,
			);
			path = JKBDom;
			sourceTree = "<group>";
		};
		554791A3256E06CE00A293DC /* Launcher */ = {
			isa = PBXGroup;
			children = (
				55736E5B256B674300F8FBE5 /* README.md */,
				554791A4256E070E00A293DC /* miniAppLauncher.swift */,
			);
			path = Launcher;
			sourceTree = "<group>";
		};
		5568B55C2584FCE5002A941C /* Renderer */ = {
			isa = PBXGroup;
			children = (
				5568B54525835CCE002A941C /* JKOMiniAppRenderer.swift */,
				552DE9972585182300F66F9C /* JKOMiniAppRenderer+UserSourceLoader.swift */,
				552DE97F2584FF0000F66F9C /* JKOMiniAppRenderer+UpdateDoms.swift */,
				552DE97A2584FEA300F66F9C /* JKOMiniAppRenderer+CallFunction.swift */,
				5568B55D2584FD83002A941C /* callFunctionEventPoster.js */,
			);
			path = Renderer;
			sourceTree = "<group>";
		};
		55736E57256B627F00F8FBE5 /* miniAppFramework */ = {
			isa = PBXGroup;
			children = (
				552DE99C258518BB00F66F9C /* logicHandler */,
				5568B55C2584FCE5002A941C /* Renderer */,
				55736EA6256CF1CA00F8FBE5 /* Dispatching */,
				55736EA7256CF1F300F8FBE5 /* JKBNativeFrameworks */,
			);
			path = miniAppFramework;
			sourceTree = "<group>";
		};
		55736E58256B642400F8FBE5 /* Packaging */ = {
			isa = PBXGroup;
			children = (
				5584A6C42580A59F003196CD /* Resource Manager */,
				55736E5A256B650800F8FBE5 /* README.md */,
			);
			path = Packaging;
			sourceTree = "<group>";
		};
		55736E59256B64A000F8FBE5 /* MonitorLogger */ = {
			isa = PBXGroup;
			children = (
				55736E93256CB2F100F8FBE5 /* JKOBridgeConsoler.swift */,
			);
			path = MonitorLogger;
			sourceTree = "<group>";
		};
		55736E5C256B6A8600F8FBE5 /* Foundation */ = {
			isa = PBXGroup;
			children = (
				55736E5E256B6E3300F8FBE5 /* JSBridge */,
			);
			path = Foundation;
			sourceTree = "<group>";
		};
		55736E5E256B6E3300F8FBE5 /* JSBridge */ = {
			isa = PBXGroup;
			children = (
				55736E85256BA3F900F8FBE5 /* Worker */,
				55736E69256B700100F8FBE5 /* BridgeFunctions */,
				55736E60256B6E8A00F8FBE5 /* EventListens */,
			);
			path = JSBridge;
			sourceTree = "<group>";
		};
		55736E60256B6E8A00F8FBE5 /* EventListens */ = {
			isa = PBXGroup;
			children = (
				55736E61256B6EE200F8FBE5 /* JKOJSFunctionObserver.swift */,
			);
			path = EventListens;
			sourceTree = "<group>";
		};
		55736E69256B700100F8FBE5 /* BridgeFunctions */ = {
			isa = PBXGroup;
			children = (
				55736E7E256B70C500F8FBE5 /* Extensions */,
			);
			path = BridgeFunctions;
			sourceTree = "<group>";
		};
		55736E75256B706800F8FBE5 /* DSLs */ = {
			isa = PBXGroup;
			children = (
				55736E76256B708800F8FBE5 /* JKOJSBridgeWebViewDSL.swift */,
			);
			path = DSLs;
			sourceTree = "<group>";
		};
		55736E7E256B70C500F8FBE5 /* Extensions */ = {
			isa = PBXGroup;
			children = (
				55736E7F256B70E100F8FBE5 /* JKOJSBridgeWebExtensions.swift */,
			);
			path = Extensions;
			sourceTree = "<group>";
		};
		55736E85256BA3F900F8FBE5 /* Worker */ = {
			isa = PBXGroup;
			children = (
				55736E86256BA41F00F8FBE5 /* JKOJSWorker.swift */,
				55736E8E256BC19C00F8FBE5 /* AnyExport.swift */,
			);
			path = Worker;
			sourceTree = "<group>";
		};
		55736EA6256CF1CA00F8FBE5 /* Dispatching */ = {
			isa = PBXGroup;
			children = (
				55736E5D256B6AF700F8FBE5 /* README.md */,
				55736ECB256D100900F8FBE5 /* JKBDispatcher.swift */,
			);
			path = Dispatching;
			sourceTree = "<group>";
		};
		55736EA7256CF1F300F8FBE5 /* JKBNativeFrameworks */ = {
			isa = PBXGroup;
			children = (
				55736EA9256CF50500F8FBE5 /* JKOJSWorker+NativeFrameworks.swift */,
				55736EC3256D026700F8FBE5 /* JKBNativeFrameworkProtocol.swift */,
			);
			path = JKBNativeFrameworks;
			sourceTree = "<group>";
		};
		55736EB1256CFDF200F8FBE5 /* JKBAccount */ = {
			isa = PBXGroup;
			children = (
				55736EB5256D021E00F8FBE5 /* JKBAccount.swift */,
				55736EBA256D022B00F8FBE5 /* Interface */,
			);
			path = JKBAccount;
			sourceTree = "<group>";
		};
		55736EBA256D022B00F8FBE5 /* Interface */ = {
			isa = PBXGroup;
			children = (
				55736EBB256D023C00F8FBE5 /* JSB_JKOAccount.swift */,
			);
			path = Interface;
			sourceTree = "<group>";
		};
		5584A6C42580A59F003196CD /* Resource Manager */ = {
			isa = PBXGroup;
			children = (
				55289D2A2579EE7C00E094E8 /* README.md */,
				5568B5332580BC57002A941C /* FileFetcher.swift */,
				5568B55725838B14002A941C /* JKOUserSourceLoader.swift */,
				048528502588920700D54961 /* Extension */,
			);
			path = "Resource Manager";
			sourceTree = "<group>";
		};
		55CCE3CD258649B500E2F565 /* JKBRouter */ = {
			isa = PBXGroup;
			children = (
				55CCE3CE25864D5700E2F565 /* JKBRouter.swift */,
			);
			path = JKBRouter;
			sourceTree = "<group>";
		};
		55CCE3D62588A09B00E2F565 /* JKBStorage */ = {
			isa = PBXGroup;
			children = (
				55CCE3D72588A16000E2F565 /* Private_JKBStorage.swift */,
				5519D1E525934AEF0034443A /* JKBStorage.swift */,
			);
			path = JKBStorage;
			sourceTree = "<group>";
		};
		55CCE3E4258B04AD00E2F565 /* Dao */ = {
			isa = PBXGroup;
			children = (
				55CCE3E5258B04E000E2F565 /* DataProxy.js */,
				55CCE3EA258B04F700E2F565 /* DataBindingHandler.swift */,
				55CF3893258DED4400B18DC6 /* DataBinderHandlerManager.swift */,
				55CF38A6258E5E3D00B18DC6 /* JKOJSWorker+GlobalData.swift */,
				5519D1EA259371A50034443A /* PageSimpleDataBinder.swift */,
			);
			path = Dao;
			sourceTree = "<group>";
		};
		55CCE3EF258B069500E2F565 /* LifeCycles */ = {
			isa = PBXGroup;
			children = (
				55289D222579EC9200E094E8 /* GlobalLayer */,
				55289D232579ECAF00E094E8 /* CrossPageLayer */,
				55289D242579ECB600E094E8 /* PageLayer */,
			);
			path = LifeCycles;
			sourceTree = "<group>";
		};
		55E572D02576659D002B13BA /* JKBMonitor */ = {
			isa = PBXGroup;
			children = (
				55E572D1257665C4002B13BA /* JKBMonitor.swift */,
			);
			path = JKBMonitor;
			sourceTree = "<group>";
		};
		55E572D92576803B002B13BA /* LifeCycles */ = {
			isa = PBXGroup;
			children = (
				55E572DB2576805B002B13BA /* JKOMAAppWorker.swift */,
				5568B52E2580BC0B002A941C /* AppLifeCycle.js */,
				55289D282579EE2C00E094E8 /* GlobalData */,
			);
			path = LifeCycles;
			sourceTree = "<group>";
		};
		55E572E52578CD99002B13BA /* Playground */ = {
			isa = PBXGroup;
			children = (
				55E572E02578B918002B13BA /* app.js */,
				55E572F62578E65F002B13BA /* app.json */,
				55E572FE2578E6B3002B13BA /* app.css */,
				04EDBE8A259204C100055783 /* images */,
				55E572E92578CDC3002B13BA /* Pages */,
			);
			path = Playground;
			sourceTree = "<group>";
		};
		55E572E92578CDC3002B13BA /* Pages */ = {
			isa = PBXGroup;
			children = (
				550710E2259B470400300A45 /* 1stTab(TODO_JJ) */,
				550710E3259B470D00300A45 /* 2ndTab */,
			);
			path = Pages;
			sourceTree = "<group>";
		};
		55E572EA2578CDE3002B13BA /* MainPage */ = {
			isa = PBXGroup;
			children = (
				55736E4B25664EDF00F8FBE5 /* index.html */,
				55E572EE2578CF59002B13BA /* index.js */,
				55E573032578EC58002B13BA /* index.css */,
				55E573082578ECCB002B13BA /* index.json */,
			);
			path = MainPage;
			sourceTree = "<group>";
		};
		55E573102578F1E2002B13BA /* miniAppRuntime */ = {
			isa = PBXGroup;
			children = (
				55CCE3EF258B069500E2F565 /* LifeCycles */,
				55CCE3E4258B04AD00E2F565 /* Dao */,
				55EA06B8258C447A00260607 /* ModuleHandles */,
			);
			path = miniAppRuntime;
			sourceTree = "<group>";
		};
		55E573112578F1F3002B13BA /* miniAppApplication */ = {
			isa = PBXGroup;
			children = (
				04EDBE812591E9D000055783 /* JKBInterface */,
				0485284125888C4500D54961 /* JKContainer */,
				55CCE3D62588A09B00E2F565 /* JKBStorage */,
				55CCE3CD258649B500E2F565 /* JKBRouter */,
				55E572D02576659D002B13BA /* JKBMonitor */,
				55479197256DF93900A293DC /* JKBDom */,
				55736EB1256CFDF200F8FBE5 /* JKBAccount */,
			);
			path = miniAppApplication;
			sourceTree = "<group>";
		};
		55E573142578F48F002B13BA /* Utils */ = {
			isa = PBXGroup;
			children = (
				55736E58256B642400F8FBE5 /* Packaging */,
				554791A3256E06CE00A293DC /* Launcher */,
				55736E59256B64A000F8FBE5 /* MonitorLogger */,
			);
			path = Utils;
			sourceTree = "<group>";
		};
		55EA06B8258C447A00260607 /* ModuleHandles */ = {
			isa = PBXGroup;
			children = (
				55EA06B9258C453300260607 /* JKBCodeModuleHandler.swift */,
			);
			path = ModuleHandles;
			sourceTree = "<group>";
		};
		55FBB04F2564F29B00A9F12E = {
			isa = PBXGroup;
			children = (
				55FBB05A2564F29B00A9F12E /* JKOJSBridge */,
				55FBB0712564F29F00A9F12E /* JKOJSBridgeTests */,
				55FBB07C2564F29F00A9F12E /* JKOJSBridgeUITests */,
				55FBB0592564F29B00A9F12E /* Products */,
				9B8D4D8ACF4DFB02BCDCB46A /* Pods */,
				EE00FFF883EB918F09CB5F81 /* Frameworks */,
			);
			sourceTree = "<group>";
		};
		55FBB0592564F29B00A9F12E /* Products */ = {
			isa = PBXGroup;
			children = (
				55FBB0582564F29B00A9F12E /* JKOJSBridge.app */,
				55FBB06E2564F29F00A9F12E /* JKOJSBridgeTests.xctest */,
				55FBB0792564F29F00A9F12E /* JKOJSBridgeUITests.xctest */,
			);
			name = Products;
			sourceTree = "<group>";
		};
		55FBB05A2564F29B00A9F12E /* JKOJSBridge */ = {
			isa = PBXGroup;
			children = (
				55FBB05B2564F29B00A9F12E /* AppDelegate.swift */,
				55FBB05D2564F29B00A9F12E /* SceneDelegate.swift */,
				55FBB05F2564F29B00A9F12E /* ViewController.swift */,
				554791B4256F8D2000A293DC /* PackagingTestViewController.swift */,
				55FBB0612564F29B00A9F12E /* Main.storyboard */,
				550710E7259B482200300A45 /* fakeHome.png */,
				55E572E52578CD99002B13BA /* Playground */,
				55289D082578FF9800E094E8 /* JKOMiniApp */,
				55FBB0642564F29F00A9F12E /* Assets.xcassets */,
				55FBB0662564F29F00A9F12E /* LaunchScreen.storyboard */,
				55FBB0692564F29F00A9F12E /* Info.plist */,
			);
			path = JKOJSBridge;
			sourceTree = "<group>";
		};
		55FBB0712564F29F00A9F12E /* JKOJSBridgeTests */ = {
			isa = PBXGroup;
			children = (
				55FBB0722564F29F00A9F12E /* JKOJSBridgeTests.swift */,
				55FBB0742564F29F00A9F12E /* Info.plist */,
			);
			path = JKOJSBridgeTests;
			sourceTree = "<group>";
		};
		55FBB07C2564F29F00A9F12E /* JKOJSBridgeUITests */ = {
			isa = PBXGroup;
			children = (
				55FBB07D2564F29F00A9F12E /* JKOJSBridgeUITests.swift */,
				55FBB07F2564F29F00A9F12E /* Info.plist */,
			);
			path = JKOJSBridgeUITests;
			sourceTree = "<group>";
		};
		55FBB08E2564F2BF00A9F12E /* miniAppCore */ = {
			isa = PBXGroup;
			children = (
				55736E75256B706800F8FBE5 /* DSLs */,
				55736E57256B627F00F8FBE5 /* miniAppFramework */,
				55736E5C256B6A8600F8FBE5 /* Foundation */,
			);
			path = miniAppCore;
			sourceTree = "<group>";
		};
		9B8D4D8ACF4DFB02BCDCB46A /* Pods */ = {
			isa = PBXGroup;
			children = (
				0D9A180444DEA41B84369879 /* Pods-JKOJSBridge.debug.xcconfig */,
				35FC3A292B69B6AEB0060692 /* Pods-JKOJSBridge.release.xcconfig */,
				4119B9BBD569D09801D5A8AE /* Pods-JKOJSBridge-JKOJSBridgeUITests.debug.xcconfig */,
				7B4C0B54470F3F834B5CE19A /* Pods-JKOJSBridge-JKOJSBridgeUITests.release.xcconfig */,
				811DDD25BC3C4BF3DD0A1F22 /* Pods-JKOJSBridgeTests.debug.xcconfig */,
				5B727447FAC66FE6E938EF59 /* Pods-JKOJSBridgeTests.release.xcconfig */,
			);
			path = Pods;
			sourceTree = "<group>";
		};
		EE00FFF883EB918F09CB5F81 /* Frameworks */ = {
			isa = PBXGroup;
			children = (
				FE2AB437BBA9FA8E647F4888 /* Pods_JKOJSBridge.framework */,
				2768615D5BBE3ADE89D892BB /* Pods_JKOJSBridge_JKOJSBridgeUITests.framework */,
				7DD2D7DE93AC7E1AC4C599FC /* Pods_JKOJSBridgeTests.framework */,
			);
			name = Frameworks;
			sourceTree = "<group>";
		};
/* End PBXGroup section */

/* Begin PBXNativeTarget section */
		55FBB0572564F29B00A9F12E /* JKOJSBridge */ = {
			isa = PBXNativeTarget;
			buildConfigurationList = 55FBB0822564F29F00A9F12E /* Build configuration list for PBXNativeTarget "JKOJSBridge" */;
			buildPhases = (
				C95EFA3303727919A6096CB6 /* [CP] Check Pods Manifest.lock */,
				55FBB0542564F29B00A9F12E /* Sources */,
				55FBB0552564F29B00A9F12E /* Frameworks */,
				55FBB0562564F29B00A9F12E /* Resources */,
				0CBE15662457B7730F2B6F1B /* [CP] Embed Pods Frameworks */,
			);
			buildRules = (
			);
			dependencies = (
			);
			name = JKOJSBridge;
			productName = JKOJSBridge;
			productReference = 55FBB0582564F29B00A9F12E /* JKOJSBridge.app */;
			productType = "com.apple.product-type.application";
		};
		55FBB06D2564F29F00A9F12E /* JKOJSBridgeTests */ = {
			isa = PBXNativeTarget;
			buildConfigurationList = 55FBB0852564F29F00A9F12E /* Build configuration list for PBXNativeTarget "JKOJSBridgeTests" */;
			buildPhases = (
				93743DEB11708B995D213CF5 /* [CP] Check Pods Manifest.lock */,
				55FBB06A2564F29F00A9F12E /* Sources */,
				55FBB06B2564F29F00A9F12E /* Frameworks */,
				55FBB06C2564F29F00A9F12E /* Resources */,
			);
			buildRules = (
			);
			dependencies = (
				55FBB0702564F29F00A9F12E /* PBXTargetDependency */,
			);
			name = JKOJSBridgeTests;
			productName = JKOJSBridgeTests;
			productReference = 55FBB06E2564F29F00A9F12E /* JKOJSBridgeTests.xctest */;
			productType = "com.apple.product-type.bundle.unit-test";
		};
		55FBB0782564F29F00A9F12E /* JKOJSBridgeUITests */ = {
			isa = PBXNativeTarget;
			buildConfigurationList = 55FBB0882564F29F00A9F12E /* Build configuration list for PBXNativeTarget "JKOJSBridgeUITests" */;
			buildPhases = (
				2FC476F21D04EB86CC5E2319 /* [CP] Check Pods Manifest.lock */,
				55FBB0752564F29F00A9F12E /* Sources */,
				55FBB0762564F29F00A9F12E /* Frameworks */,
				55FBB0772564F29F00A9F12E /* Resources */,
				63403B78487F7792B0F4924E /* [CP] Embed Pods Frameworks */,
			);
			buildRules = (
			);
			dependencies = (
				55FBB07B2564F29F00A9F12E /* PBXTargetDependency */,
			);
			name = JKOJSBridgeUITests;
			productName = JKOJSBridgeUITests;
			productReference = 55FBB0792564F29F00A9F12E /* JKOJSBridgeUITests.xctest */;
			productType = "com.apple.product-type.bundle.ui-testing";
		};
/* End PBXNativeTarget section */

/* Begin PBXProject section */
		55FBB0502564F29B00A9F12E /* Project object */ = {
			isa = PBXProject;
			attributes = {
				LastSwiftUpdateCheck = 1200;
				LastUpgradeCheck = 1200;
				TargetAttributes = {
					55FBB0572564F29B00A9F12E = {
						CreatedOnToolsVersion = 12.0;
					};
					55FBB06D2564F29F00A9F12E = {
						CreatedOnToolsVersion = 12.0;
						TestTargetID = 55FBB0572564F29B00A9F12E;
					};
					55FBB0782564F29F00A9F12E = {
						CreatedOnToolsVersion = 12.0;
						TestTargetID = 55FBB0572564F29B00A9F12E;
					};
				};
			};
			buildConfigurationList = 55FBB0532564F29B00A9F12E /* Build configuration list for PBXProject "JKOJSBridge" */;
			compatibilityVersion = "Xcode 9.3";
			developmentRegion = en;
			hasScannedForEncodings = 0;
			knownRegions = (
				en,
				Base,
			);
			mainGroup = 55FBB04F2564F29B00A9F12E;
			productRefGroup = 55FBB0592564F29B00A9F12E /* Products */;
			projectDirPath = "";
			projectRoot = "";
			targets = (
				55FBB0572564F29B00A9F12E /* JKOJSBridge */,
				55FBB06D2564F29F00A9F12E /* JKOJSBridgeTests */,
				55FBB0782564F29F00A9F12E /* JKOJSBridgeUITests */,
			);
		};
/* End PBXProject section */

/* Begin PBXResourcesBuildPhase section */
		55FBB0562564F29B00A9F12E /* Resources */ = {
			isa = PBXResourcesBuildPhase;
			buildActionMask = 2147483647;
			files = (
				0484EF3A259983BC0031286C /* DemoAccountPage.js in Resources */,
				04EDBE96259208A500055783 /* iconTabbarHome_selected.png in Resources */,
				55E573092578ECCB002B13BA /* index.json in Resources */,
				0484EF452599857E0031286C /* DemoInterfacePage.css in Resources */,
				55E572F72578E65F002B13BA /* app.json in Resources */,
				55289D2B2579EE7C00E094E8 /* README.md in Resources */,
				55E572E12578B918002B13BA /* app.js in Resources */,
				0484EF6A2599887C0031286C /* DemoNavigationBarPage.js in Resources */,
				0484EF65259988760031286C /* DemoNavigationBarPage.css in Resources */,
				0484EF55259985F80031286C /* DemoTabBarPage.css in Resources */,
				550710FB259B510F00300A45 /* index21.js in Resources */,
				0484EF70259989BB0031286C /* DemoStoragePage.html in Resources */,
				04EDBEAC25920B5B00055783 /* iconTabbarFriend_selected.png in Resources */,
				0484EF30259983AE0031286C /* DemoAccountPage.html in Resources */,
				0484EF35259983B70031286C /* DemoAccountPage.css in Resources */,
				55736E4C25664EDF00F8FBE5 /* index.html in Resources */,
				04EDBE9E2592090A00055783 /* iconTabbarHome_normal.png in Resources */,
				5568B5392580C846002A941C /* PageLifeCycle.js in Resources */,
				5568B55E2584FD83002A941C /* callFunctionEventPoster.js in Resources */,
				04670BA125931CFC00C0FB69 /* icons8-back-24.png in Resources */,
				04EDBEA52592095A00055783 /* iconTabbarMe_selected.png in Resources */,
				0484EF75259989C20031286C /* DemoStoragePage.css in Resources */,
				55FBB0682564F29F00A9F12E /* LaunchScreen.storyboard in Resources */,
				0484EF5A259985FE0031286C /* DemoTabBarPage.js in Resources */,
				55E572EF2578CF59002B13BA /* index.js in Resources */,
				55CCE3E6258B04E000E2F565 /* DataProxy.js in Resources */,
				0484EF60259988700031286C /* DemoNavigationBarPage.html in Resources */,
				550710F1259B509900300A45 /* index21.html in Resources */,
				550710E8259B482200300A45 /* fakeHome.png in Resources */,
				5568B52F2580BC0B002A941C /* AppLifeCycle.js in Resources */,
				0484EF50259985F20031286C /* DemoTabBarPage.html in Resources */,
				0484EF25259982AB0031286C /* DemoLaunchPage.css in Resources */,
				04EDBE7D2591E67E00055783 /* index2.css in Resources */,
				04670B8F2593156700C0FB69 /* index3.css in Resources */,
				0484EF1D259980E40031286C /* DemoLaunchPage.html in Resources */,
				04670B942593174800C0FB69 /* index3.js in Resources */,
				55FBB0652564F29F00A9F12E /* Assets.xcassets in Resources */,
				55FBB0632564F29B00A9F12E /* Main.storyboard in Resources */,
				04EDBEAB25920B5B00055783 /* iconTabbarFriend_normal.png in Resources */,
				0484EF40259985780031286C /* DemoInterfacePage.html in Resources */,
				550710F6259B50EE00300A45 /* index21.css in Resources */,
				0484EF2A259983400031286C /* DemoLaunchPage.js in Resources */,
				55E572FF2578E6B3002B13BA /* app.css in Resources */,
				55E573042578EC58002B13BA /* index.css in Resources */,
				04EDBEA42592095A00055783 /* iconTabbarMe_normal.png in Resources */,
				04670B8A2593154200C0FB69 /* index3.html in Resources */,
				0484EF7A259989C70031286C /* DemoStoragePage.js in Resources */,
				552DE993258513B000F66F9C /* index2.js in Resources */,
				0484EF4A259985880031286C /* DemoInterfacePage.js in Resources */,
				552DE98E2585137500F66F9C /* index2.html in Resources */,
			);
			runOnlyForDeploymentPostprocessing = 0;
		};
		55FBB06C2564F29F00A9F12E /* Resources */ = {
			isa = PBXResourcesBuildPhase;
			buildActionMask = 2147483647;
			files = (
			);
			runOnlyForDeploymentPostprocessing = 0;
		};
		55FBB0772564F29F00A9F12E /* Resources */ = {
			isa = PBXResourcesBuildPhase;
			buildActionMask = 2147483647;
			files = (
			);
			runOnlyForDeploymentPostprocessing = 0;
		};
/* End PBXResourcesBuildPhase section */

/* Begin PBXShellScriptBuildPhase section */
		0CBE15662457B7730F2B6F1B /* [CP] Embed Pods Frameworks */ = {
			isa = PBXShellScriptBuildPhase;
			buildActionMask = 2147483647;
			files = (
			);
			inputFileListPaths = (
				"${PODS_ROOT}/Target Support Files/Pods-JKOJSBridge/Pods-JKOJSBridge-frameworks-${CONFIGURATION}-input-files.xcfilelist",
			);
			name = "[CP] Embed Pods Frameworks";
			outputFileListPaths = (
				"${PODS_ROOT}/Target Support Files/Pods-JKOJSBridge/Pods-JKOJSBridge-frameworks-${CONFIGURATION}-output-files.xcfilelist",
			);
			runOnlyForDeploymentPostprocessing = 0;
			shellPath = /bin/sh;
			shellScript = "\"${PODS_ROOT}/Target Support Files/Pods-JKOJSBridge/Pods-JKOJSBridge-frameworks.sh\"\n";
			showEnvVarsInLog = 0;
		};
		2FC476F21D04EB86CC5E2319 /* [CP] Check Pods Manifest.lock */ = {
			isa = PBXShellScriptBuildPhase;
			buildActionMask = 2147483647;
			files = (
			);
			inputFileListPaths = (
			);
			inputPaths = (
				"${PODS_PODFILE_DIR_PATH}/Podfile.lock",
				"${PODS_ROOT}/Manifest.lock",
			);
			name = "[CP] Check Pods Manifest.lock";
			outputFileListPaths = (
			);
			outputPaths = (
				"$(DERIVED_FILE_DIR)/Pods-JKOJSBridge-JKOJSBridgeUITests-checkManifestLockResult.txt",
			);
			runOnlyForDeploymentPostprocessing = 0;
			shellPath = /bin/sh;
			shellScript = "diff \"${PODS_PODFILE_DIR_PATH}/Podfile.lock\" \"${PODS_ROOT}/Manifest.lock\" > /dev/null\nif [ $? != 0 ] ; then\n    # print error to STDERR\n    echo \"error: The sandbox is not in sync with the Podfile.lock. Run 'pod install' or update your CocoaPods installation.\" >&2\n    exit 1\nfi\n# This output is used by Xcode 'outputs' to avoid re-running this script phase.\necho \"SUCCESS\" > \"${SCRIPT_OUTPUT_FILE_0}\"\n";
			showEnvVarsInLog = 0;
		};
		63403B78487F7792B0F4924E /* [CP] Embed Pods Frameworks */ = {
			isa = PBXShellScriptBuildPhase;
			buildActionMask = 2147483647;
			files = (
			);
			inputFileListPaths = (
				"${PODS_ROOT}/Target Support Files/Pods-JKOJSBridge-JKOJSBridgeUITests/Pods-JKOJSBridge-JKOJSBridgeUITests-frameworks-${CONFIGURATION}-input-files.xcfilelist",
			);
			name = "[CP] Embed Pods Frameworks";
			outputFileListPaths = (
				"${PODS_ROOT}/Target Support Files/Pods-JKOJSBridge-JKOJSBridgeUITests/Pods-JKOJSBridge-JKOJSBridgeUITests-frameworks-${CONFIGURATION}-output-files.xcfilelist",
			);
			runOnlyForDeploymentPostprocessing = 0;
			shellPath = /bin/sh;
			shellScript = "\"${PODS_ROOT}/Target Support Files/Pods-JKOJSBridge-JKOJSBridgeUITests/Pods-JKOJSBridge-JKOJSBridgeUITests-frameworks.sh\"\n";
			showEnvVarsInLog = 0;
		};
		93743DEB11708B995D213CF5 /* [CP] Check Pods Manifest.lock */ = {
			isa = PBXShellScriptBuildPhase;
			buildActionMask = 2147483647;
			files = (
			);
			inputFileListPaths = (
			);
			inputPaths = (
				"${PODS_PODFILE_DIR_PATH}/Podfile.lock",
				"${PODS_ROOT}/Manifest.lock",
			);
			name = "[CP] Check Pods Manifest.lock";
			outputFileListPaths = (
			);
			outputPaths = (
				"$(DERIVED_FILE_DIR)/Pods-JKOJSBridgeTests-checkManifestLockResult.txt",
			);
			runOnlyForDeploymentPostprocessing = 0;
			shellPath = /bin/sh;
			shellScript = "diff \"${PODS_PODFILE_DIR_PATH}/Podfile.lock\" \"${PODS_ROOT}/Manifest.lock\" > /dev/null\nif [ $? != 0 ] ; then\n    # print error to STDERR\n    echo \"error: The sandbox is not in sync with the Podfile.lock. Run 'pod install' or update your CocoaPods installation.\" >&2\n    exit 1\nfi\n# This output is used by Xcode 'outputs' to avoid re-running this script phase.\necho \"SUCCESS\" > \"${SCRIPT_OUTPUT_FILE_0}\"\n";
			showEnvVarsInLog = 0;
		};
		C95EFA3303727919A6096CB6 /* [CP] Check Pods Manifest.lock */ = {
			isa = PBXShellScriptBuildPhase;
			buildActionMask = 2147483647;
			files = (
			);
			inputFileListPaths = (
			);
			inputPaths = (
				"${PODS_PODFILE_DIR_PATH}/Podfile.lock",
				"${PODS_ROOT}/Manifest.lock",
			);
			name = "[CP] Check Pods Manifest.lock";
			outputFileListPaths = (
			);
			outputPaths = (
				"$(DERIVED_FILE_DIR)/Pods-JKOJSBridge-checkManifestLockResult.txt",
			);
			runOnlyForDeploymentPostprocessing = 0;
			shellPath = /bin/sh;
			shellScript = "diff \"${PODS_PODFILE_DIR_PATH}/Podfile.lock\" \"${PODS_ROOT}/Manifest.lock\" > /dev/null\nif [ $? != 0 ] ; then\n    # print error to STDERR\n    echo \"error: The sandbox is not in sync with the Podfile.lock. Run 'pod install' or update your CocoaPods installation.\" >&2\n    exit 1\nfi\n# This output is used by Xcode 'outputs' to avoid re-running this script phase.\necho \"SUCCESS\" > \"${SCRIPT_OUTPUT_FILE_0}\"\n";
			showEnvVarsInLog = 0;
		};
/* End PBXShellScriptBuildPhase section */

/* Begin PBXSourcesBuildPhase section */
		55FBB0542564F29B00A9F12E /* Sources */ = {
			isa = PBXSourcesBuildPhase;
			buildActionMask = 2147483647;
			files = (
				55FBB0602564F29B00A9F12E /* ViewController.swift in Sources */,
				55736ECC256D100900F8FBE5 /* JKBDispatcher.swift in Sources */,
				04852858258894C100D54961 /* JKTabBarProtocol.swift in Sources */,
				55736E94256CB2F100F8FBE5 /* JKOBridgeConsoler.swift in Sources */,
				0485284325888C6500D54961 /* JKContainer.swift in Sources */,
				047F85402590A018004F5073 /* JKNavigatorHandler.swift in Sources */,
				552DE99E258518ED00F66F9C /* JKOMiniAppLogicHandler+UserSourceLoader.swift in Sources */,
				55736EC4256D026700F8FBE5 /* JKBNativeFrameworkProtocol.swift in Sources */,
				55736E77256B708800F8FBE5 /* JKOJSBridgeWebViewDSL.swift in Sources */,
				552DE98825850CBB00F66F9C /* JKOMiniAppPageRouter.swift in Sources */,
				5568B55825838B14002A941C /* JKOUserSourceLoader.swift in Sources */,
				047F853825909653004F5073 /* JKNavigatorProtocol.swift in Sources */,
				554791A5256E070E00A293DC /* miniAppLauncher.swift in Sources */,
				55CCE3D82588A16000E2F565 /* Private_JKBStorage.swift in Sources */,
				55CCE3EB258B04F700E2F565 /* DataBindingHandler.swift in Sources */,
				55E572D2257665C4002B13BA /* JKBMonitor.swift in Sources */,
				55CCE3E0258AEEF400E2F565 /* constants.swift in Sources */,
				5519D1EB259371A50034443A /* PageSimpleDataBinder.swift in Sources */,
				55CF38A7258E5E3D00B18DC6 /* JKOJSWorker+GlobalData.swift in Sources */,
				554791B0256E58FB00A293DC /* JKOMiniAppContainerViewController.swift in Sources */,
				55736EBC256D023C00F8FBE5 /* JSB_JKOAccount.swift in Sources */,
				552DE9982585182300F66F9C /* JKOMiniAppRenderer+UserSourceLoader.swift in Sources */,
				04EDBE832591EAB300055783 /* JKBInterface.swift in Sources */,
				55736E80256B70E100F8FBE5 /* JKOJSBridgeWebExtensions.swift in Sources */,
				55FBB05C2564F29B00A9F12E /* AppDelegate.swift in Sources */,
				552DE97B2584FEA300F66F9C /* JKOMiniAppRenderer+CallFunction.swift in Sources */,
				5568B5342580BC57002A941C /* FileFetcher.swift in Sources */,
				55736E62256B6EE300F8FBE5 /* JKOJSFunctionObserver.swift in Sources */,
				55CF389F258E4E6D00B18DC6 /* JKOMiniApp.swift in Sources */,
				5519D1E625934AEF0034443A /* JKBStorage.swift in Sources */,
				5568B5532583878B002A941C /* JKOMiniAppContainerManager.swift in Sources */,
				55736EAA256CF50500F8FBE5 /* JKOJSWorker+NativeFrameworks.swift in Sources */,
				55EA06BA258C453300260607 /* JKBCodeModuleHandler.swift in Sources */,
				552DE9A62585194900F66F9C /* JKOMiniAppLogicHandler+CallFunctionHandler.swift in Sources */,
				55736EB6256D021E00F8FBE5 /* JKBAccount.swift in Sources */,
				55736E9C256CDACC00F8FBE5 /* JKOMiniAppLogicHandler.swift in Sources */,
				554791B5256F8D2000A293DC /* PackagingTestViewController.swift in Sources */,
				55FBB05E2564F29B00A9F12E /* SceneDelegate.swift in Sources */,
				55736E87256BA42000F8FBE5 /* JKOJSWorker.swift in Sources */,
				5568B53E25821270002A941C /* JKMAPageWorker.swift in Sources */,
				55CCE3C9258618EC00E2F565 /* JKOMiniAppLogicHandler+LifeCycle.swift in Sources */,
				5568B54625835CCE002A941C /* JKOMiniAppRenderer.swift in Sources */,
				552DE9802584FF0000F66F9C /* JKOMiniAppRenderer+UpdateDoms.swift in Sources */,
				55CCE3CF25864D5700E2F565 /* JKBRouter.swift in Sources */,
				048528522588921300D54961 /* UIColor+Extension.swift in Sources */,
				0485284925888CAB00D54961 /* JKMiniTabBarHandler.swift in Sources */,
				55479199256DFA3D00A293DC /* JKOJSBridge.swift in Sources */,
				55E572DC2576805B002B13BA /* JKOMAAppWorker.swift in Sources */,
				55736E8F256BC19D00F8FBE5 /* AnyExport.swift in Sources */,
				55CF3894258DED4400B18DC6 /* DataBinderHandlerManager.swift in Sources */,
			);
			runOnlyForDeploymentPostprocessing = 0;
		};
		55FBB06A2564F29F00A9F12E /* Sources */ = {
			isa = PBXSourcesBuildPhase;
			buildActionMask = 2147483647;
			files = (
				55FBB0732564F29F00A9F12E /* JKOJSBridgeTests.swift in Sources */,
			);
			runOnlyForDeploymentPostprocessing = 0;
		};
		55FBB0752564F29F00A9F12E /* Sources */ = {
			isa = PBXSourcesBuildPhase;
			buildActionMask = 2147483647;
			files = (
				55FBB07E2564F29F00A9F12E /* JKOJSBridgeUITests.swift in Sources */,
			);
			runOnlyForDeploymentPostprocessing = 0;
		};
/* End PBXSourcesBuildPhase section */

/* Begin PBXTargetDependency section */
		55FBB0702564F29F00A9F12E /* PBXTargetDependency */ = {
			isa = PBXTargetDependency;
			target = 55FBB0572564F29B00A9F12E /* JKOJSBridge */;
			targetProxy = 55FBB06F2564F29F00A9F12E /* PBXContainerItemProxy */;
		};
		55FBB07B2564F29F00A9F12E /* PBXTargetDependency */ = {
			isa = PBXTargetDependency;
			target = 55FBB0572564F29B00A9F12E /* JKOJSBridge */;
			targetProxy = 55FBB07A2564F29F00A9F12E /* PBXContainerItemProxy */;
		};
/* End PBXTargetDependency section */

/* Begin PBXVariantGroup section */
		55FBB0612564F29B00A9F12E /* Main.storyboard */ = {
			isa = PBXVariantGroup;
			children = (
				55FBB0622564F29B00A9F12E /* Base */,
			);
			name = Main.storyboard;
			sourceTree = "<group>";
		};
		55FBB0662564F29F00A9F12E /* LaunchScreen.storyboard */ = {
			isa = PBXVariantGroup;
			children = (
				55FBB0672564F29F00A9F12E /* Base */,
			);
			name = LaunchScreen.storyboard;
			sourceTree = "<group>";
		};
/* End PBXVariantGroup section */

/* Begin XCBuildConfiguration section */
		55FBB0802564F29F00A9F12E /* Debug */ = {
			isa = XCBuildConfiguration;
			buildSettings = {
				ALWAYS_SEARCH_USER_PATHS = NO;
				CLANG_ANALYZER_NONNULL = YES;
				CLANG_ANALYZER_NUMBER_OBJECT_CONVERSION = YES_AGGRESSIVE;
				CLANG_CXX_LANGUAGE_STANDARD = "gnu++14";
				CLANG_CXX_LIBRARY = "libc++";
				CLANG_ENABLE_MODULES = YES;
				CLANG_ENABLE_OBJC_ARC = YES;
				CLANG_ENABLE_OBJC_WEAK = YES;
				CLANG_WARN_BLOCK_CAPTURE_AUTORELEASING = YES;
				CLANG_WARN_BOOL_CONVERSION = YES;
				CLANG_WARN_COMMA = YES;
				CLANG_WARN_CONSTANT_CONVERSION = YES;
				CLANG_WARN_DEPRECATED_OBJC_IMPLEMENTATIONS = YES;
				CLANG_WARN_DIRECT_OBJC_ISA_USAGE = YES_ERROR;
				CLANG_WARN_DOCUMENTATION_COMMENTS = YES;
				CLANG_WARN_EMPTY_BODY = YES;
				CLANG_WARN_ENUM_CONVERSION = YES;
				CLANG_WARN_INFINITE_RECURSION = YES;
				CLANG_WARN_INT_CONVERSION = YES;
				CLANG_WARN_NON_LITERAL_NULL_CONVERSION = YES;
				CLANG_WARN_OBJC_IMPLICIT_RETAIN_SELF = YES;
				CLANG_WARN_OBJC_LITERAL_CONVERSION = YES;
				CLANG_WARN_OBJC_ROOT_CLASS = YES_ERROR;
				CLANG_WARN_QUOTED_INCLUDE_IN_FRAMEWORK_HEADER = YES;
				CLANG_WARN_RANGE_LOOP_ANALYSIS = YES;
				CLANG_WARN_STRICT_PROTOTYPES = YES;
				CLANG_WARN_SUSPICIOUS_MOVE = YES;
				CLANG_WARN_UNGUARDED_AVAILABILITY = YES_AGGRESSIVE;
				CLANG_WARN_UNREACHABLE_CODE = YES;
				CLANG_WARN__DUPLICATE_METHOD_MATCH = YES;
				COPY_PHASE_STRIP = NO;
				DEBUG_INFORMATION_FORMAT = dwarf;
				ENABLE_STRICT_OBJC_MSGSEND = YES;
				ENABLE_TESTABILITY = YES;
				GCC_C_LANGUAGE_STANDARD = gnu11;
				GCC_DYNAMIC_NO_PIC = NO;
				GCC_NO_COMMON_BLOCKS = YES;
				GCC_OPTIMIZATION_LEVEL = 0;
				GCC_PREPROCESSOR_DEFINITIONS = (
					"DEBUG=1",
					"$(inherited)",
				);
				GCC_WARN_64_TO_32_BIT_CONVERSION = YES;
				GCC_WARN_ABOUT_RETURN_TYPE = YES_ERROR;
				GCC_WARN_UNDECLARED_SELECTOR = YES;
				GCC_WARN_UNINITIALIZED_AUTOS = YES_AGGRESSIVE;
				GCC_WARN_UNUSED_FUNCTION = YES;
				GCC_WARN_UNUSED_VARIABLE = YES;
				IPHONEOS_DEPLOYMENT_TARGET = 14.0;
				MTL_ENABLE_DEBUG_INFO = INCLUDE_SOURCE;
				MTL_FAST_MATH = YES;
				ONLY_ACTIVE_ARCH = YES;
				SDKROOT = iphoneos;
				SWIFT_ACTIVE_COMPILATION_CONDITIONS = DEBUG;
				SWIFT_OPTIMIZATION_LEVEL = "-Onone";
			};
			name = Debug;
		};
		55FBB0812564F29F00A9F12E /* Release */ = {
			isa = XCBuildConfiguration;
			buildSettings = {
				ALWAYS_SEARCH_USER_PATHS = NO;
				CLANG_ANALYZER_NONNULL = YES;
				CLANG_ANALYZER_NUMBER_OBJECT_CONVERSION = YES_AGGRESSIVE;
				CLANG_CXX_LANGUAGE_STANDARD = "gnu++14";
				CLANG_CXX_LIBRARY = "libc++";
				CLANG_ENABLE_MODULES = YES;
				CLANG_ENABLE_OBJC_ARC = YES;
				CLANG_ENABLE_OBJC_WEAK = YES;
				CLANG_WARN_BLOCK_CAPTURE_AUTORELEASING = YES;
				CLANG_WARN_BOOL_CONVERSION = YES;
				CLANG_WARN_COMMA = YES;
				CLANG_WARN_CONSTANT_CONVERSION = YES;
				CLANG_WARN_DEPRECATED_OBJC_IMPLEMENTATIONS = YES;
				CLANG_WARN_DIRECT_OBJC_ISA_USAGE = YES_ERROR;
				CLANG_WARN_DOCUMENTATION_COMMENTS = YES;
				CLANG_WARN_EMPTY_BODY = YES;
				CLANG_WARN_ENUM_CONVERSION = YES;
				CLANG_WARN_INFINITE_RECURSION = YES;
				CLANG_WARN_INT_CONVERSION = YES;
				CLANG_WARN_NON_LITERAL_NULL_CONVERSION = YES;
				CLANG_WARN_OBJC_IMPLICIT_RETAIN_SELF = YES;
				CLANG_WARN_OBJC_LITERAL_CONVERSION = YES;
				CLANG_WARN_OBJC_ROOT_CLASS = YES_ERROR;
				CLANG_WARN_QUOTED_INCLUDE_IN_FRAMEWORK_HEADER = YES;
				CLANG_WARN_RANGE_LOOP_ANALYSIS = YES;
				CLANG_WARN_STRICT_PROTOTYPES = YES;
				CLANG_WARN_SUSPICIOUS_MOVE = YES;
				CLANG_WARN_UNGUARDED_AVAILABILITY = YES_AGGRESSIVE;
				CLANG_WARN_UNREACHABLE_CODE = YES;
				CLANG_WARN__DUPLICATE_METHOD_MATCH = YES;
				COPY_PHASE_STRIP = NO;
				DEBUG_INFORMATION_FORMAT = "dwarf-with-dsym";
				ENABLE_NS_ASSERTIONS = NO;
				ENABLE_STRICT_OBJC_MSGSEND = YES;
				GCC_C_LANGUAGE_STANDARD = gnu11;
				GCC_NO_COMMON_BLOCKS = YES;
				GCC_WARN_64_TO_32_BIT_CONVERSION = YES;
				GCC_WARN_ABOUT_RETURN_TYPE = YES_ERROR;
				GCC_WARN_UNDECLARED_SELECTOR = YES;
				GCC_WARN_UNINITIALIZED_AUTOS = YES_AGGRESSIVE;
				GCC_WARN_UNUSED_FUNCTION = YES;
				GCC_WARN_UNUSED_VARIABLE = YES;
				IPHONEOS_DEPLOYMENT_TARGET = 14.0;
				MTL_ENABLE_DEBUG_INFO = NO;
				MTL_FAST_MATH = YES;
				SDKROOT = iphoneos;
				SWIFT_COMPILATION_MODE = wholemodule;
				SWIFT_OPTIMIZATION_LEVEL = "-O";
				VALIDATE_PRODUCT = YES;
			};
			name = Release;
		};
		55FBB0832564F29F00A9F12E /* Debug */ = {
			isa = XCBuildConfiguration;
			baseConfigurationReference = 0D9A180444DEA41B84369879 /* Pods-JKOJSBridge.debug.xcconfig */;
			buildSettings = {
				ASSETCATALOG_COMPILER_APPICON_NAME = AppIcon;
				ASSETCATALOG_COMPILER_GLOBAL_ACCENT_COLOR_NAME = AccentColor;
				CODE_SIGN_STYLE = Automatic;
				DEVELOPMENT_TEAM = FJ8SB6J9BM;
				INFOPLIST_FILE = JKOJSBridge/Info.plist;
				LD_RUNPATH_SEARCH_PATHS = (
					"$(inherited)",
					"@executable_path/Frameworks",
				);
				PRODUCT_BUNDLE_IDENTIFIER = chiehchun.lee.com.JKOJSBridge;
				PRODUCT_NAME = "$(TARGET_NAME)";
				SWIFT_VERSION = 5.0;
				TARGETED_DEVICE_FAMILY = "1,2";
			};
			name = Debug;
		};
		55FBB0842564F29F00A9F12E /* Release */ = {
			isa = XCBuildConfiguration;
			baseConfigurationReference = 35FC3A292B69B6AEB0060692 /* Pods-JKOJSBridge.release.xcconfig */;
			buildSettings = {
				ASSETCATALOG_COMPILER_APPICON_NAME = AppIcon;
				ASSETCATALOG_COMPILER_GLOBAL_ACCENT_COLOR_NAME = AccentColor;
				CODE_SIGN_STYLE = Automatic;
				DEVELOPMENT_TEAM = FJ8SB6J9BM;
				INFOPLIST_FILE = JKOJSBridge/Info.plist;
				LD_RUNPATH_SEARCH_PATHS = (
					"$(inherited)",
					"@executable_path/Frameworks",
				);
				PRODUCT_BUNDLE_IDENTIFIER = chiehchun.lee.com.JKOJSBridge;
				PRODUCT_NAME = "$(TARGET_NAME)";
				SWIFT_VERSION = 5.0;
				TARGETED_DEVICE_FAMILY = "1,2";
			};
			name = Release;
		};
		55FBB0862564F29F00A9F12E /* Debug */ = {
			isa = XCBuildConfiguration;
			baseConfigurationReference = 811DDD25BC3C4BF3DD0A1F22 /* Pods-JKOJSBridgeTests.debug.xcconfig */;
			buildSettings = {
				ALWAYS_EMBED_SWIFT_STANDARD_LIBRARIES = YES;
				BUNDLE_LOADER = "$(TEST_HOST)";
				CODE_SIGN_STYLE = Automatic;
				DEVELOPMENT_TEAM = FJ8SB6J9BM;
				INFOPLIST_FILE = JKOJSBridgeTests/Info.plist;
				IPHONEOS_DEPLOYMENT_TARGET = 14.0;
				LD_RUNPATH_SEARCH_PATHS = (
					"$(inherited)",
					"@executable_path/Frameworks",
					"@loader_path/Frameworks",
				);
				PRODUCT_BUNDLE_IDENTIFIER = chiehchun.lee.com.JKOJSBridgeTests;
				PRODUCT_NAME = "$(TARGET_NAME)";
				SWIFT_VERSION = 5.0;
				TARGETED_DEVICE_FAMILY = "1,2";
				TEST_HOST = "$(BUILT_PRODUCTS_DIR)/JKOJSBridge.app/JKOJSBridge";
			};
			name = Debug;
		};
		55FBB0872564F29F00A9F12E /* Release */ = {
			isa = XCBuildConfiguration;
			baseConfigurationReference = 5B727447FAC66FE6E938EF59 /* Pods-JKOJSBridgeTests.release.xcconfig */;
			buildSettings = {
				ALWAYS_EMBED_SWIFT_STANDARD_LIBRARIES = YES;
				BUNDLE_LOADER = "$(TEST_HOST)";
				CODE_SIGN_STYLE = Automatic;
				DEVELOPMENT_TEAM = FJ8SB6J9BM;
				INFOPLIST_FILE = JKOJSBridgeTests/Info.plist;
				IPHONEOS_DEPLOYMENT_TARGET = 14.0;
				LD_RUNPATH_SEARCH_PATHS = (
					"$(inherited)",
					"@executable_path/Frameworks",
					"@loader_path/Frameworks",
				);
				PRODUCT_BUNDLE_IDENTIFIER = chiehchun.lee.com.JKOJSBridgeTests;
				PRODUCT_NAME = "$(TARGET_NAME)";
				SWIFT_VERSION = 5.0;
				TARGETED_DEVICE_FAMILY = "1,2";
				TEST_HOST = "$(BUILT_PRODUCTS_DIR)/JKOJSBridge.app/JKOJSBridge";
			};
			name = Release;
		};
		55FBB0892564F29F00A9F12E /* Debug */ = {
			isa = XCBuildConfiguration;
			baseConfigurationReference = 4119B9BBD569D09801D5A8AE /* Pods-JKOJSBridge-JKOJSBridgeUITests.debug.xcconfig */;
			buildSettings = {
				ALWAYS_EMBED_SWIFT_STANDARD_LIBRARIES = YES;
				CODE_SIGN_STYLE = Automatic;
				DEVELOPMENT_TEAM = FJ8SB6J9BM;
				INFOPLIST_FILE = JKOJSBridgeUITests/Info.plist;
				LD_RUNPATH_SEARCH_PATHS = (
					"$(inherited)",
					"@executable_path/Frameworks",
					"@loader_path/Frameworks",
				);
				PRODUCT_BUNDLE_IDENTIFIER = chiehchun.lee.com.JKOJSBridgeUITests;
				PRODUCT_NAME = "$(TARGET_NAME)";
				SWIFT_VERSION = 5.0;
				TARGETED_DEVICE_FAMILY = "1,2";
				TEST_TARGET_NAME = JKOJSBridge;
			};
			name = Debug;
		};
		55FBB08A2564F29F00A9F12E /* Release */ = {
			isa = XCBuildConfiguration;
			baseConfigurationReference = 7B4C0B54470F3F834B5CE19A /* Pods-JKOJSBridge-JKOJSBridgeUITests.release.xcconfig */;
			buildSettings = {
				ALWAYS_EMBED_SWIFT_STANDARD_LIBRARIES = YES;
				CODE_SIGN_STYLE = Automatic;
				DEVELOPMENT_TEAM = FJ8SB6J9BM;
				INFOPLIST_FILE = JKOJSBridgeUITests/Info.plist;
				LD_RUNPATH_SEARCH_PATHS = (
					"$(inherited)",
					"@executable_path/Frameworks",
					"@loader_path/Frameworks",
				);
				PRODUCT_BUNDLE_IDENTIFIER = chiehchun.lee.com.JKOJSBridgeUITests;
				PRODUCT_NAME = "$(TARGET_NAME)";
				SWIFT_VERSION = 5.0;
				TARGETED_DEVICE_FAMILY = "1,2";
				TEST_TARGET_NAME = JKOJSBridge;
			};
			name = Release;
		};
/* End XCBuildConfiguration section */

/* Begin XCConfigurationList section */
		55FBB0532564F29B00A9F12E /* Build configuration list for PBXProject "JKOJSBridge" */ = {
			isa = XCConfigurationList;
			buildConfigurations = (
				55FBB0802564F29F00A9F12E /* Debug */,
				55FBB0812564F29F00A9F12E /* Release */,
			);
			defaultConfigurationIsVisible = 0;
			defaultConfigurationName = Release;
		};
		55FBB0822564F29F00A9F12E /* Build configuration list for PBXNativeTarget "JKOJSBridge" */ = {
			isa = XCConfigurationList;
			buildConfigurations = (
				55FBB0832564F29F00A9F12E /* Debug */,
				55FBB0842564F29F00A9F12E /* Release */,
			);
			defaultConfigurationIsVisible = 0;
			defaultConfigurationName = Release;
		};
		55FBB0852564F29F00A9F12E /* Build configuration list for PBXNativeTarget "JKOJSBridgeTests" */ = {
			isa = XCConfigurationList;
			buildConfigurations = (
				55FBB0862564F29F00A9F12E /* Debug */,
				55FBB0872564F29F00A9F12E /* Release */,
			);
			defaultConfigurationIsVisible = 0;
			defaultConfigurationName = Release;
		};
		55FBB0882564F29F00A9F12E /* Build configuration list for PBXNativeTarget "JKOJSBridgeUITests" */ = {
			isa = XCConfigurationList;
			buildConfigurations = (
				55FBB0892564F29F00A9F12E /* Debug */,
				55FBB08A2564F29F00A9F12E /* Release */,
			);
			defaultConfigurationIsVisible = 0;
			defaultConfigurationName = Release;
		};
/* End XCConfigurationList section */
	};
	rootObject = 55FBB0502564F29B00A9F12E /* Project object */;
}
